Microsoft Visual Studio Solution File, Format Version 12.00
# Visual Studio 15
VisualStudioVersion = 15.0.26124.0
MinimumVisualStudioVersion = 15.0.26124.0
Project("{2150E333-8FDC-42A3-9474-1A3956D46DE8}") = "src", "src", "{D7AFA165-BB36-4DE9-80B3-69C00E862B81}"
EndProject
Project("{9A19103F-16F7-4668-BE54-9A1E7A4F7556}") = "Templating", "src\Tooling\Templating.repoproj", "{17052599-51B1-491A-984F-FB1DE6ACB894}"
EndProject
Project("{9A19103F-16F7-4668-BE54-9A1E7A4F7556}") = "Mirror", "src\Partners\Mirror.proj", "{360B9FB0-7EC3-4C88-81E9-C32009D283D6}"
EndProject
Project("{9A19103F-16F7-4668-BE54-9A1E7A4F7556}") = "Antiforgery", "src\Framework\Antiforgery.repoproj", "{AAF46610-48C2-47CD-BEC6-E983F6F77FBC}"
EndProject
Project("{9A19103F-16F7-4668-BE54-9A1E7A4F7556}") = "AzureIntegration", "src\Framework\AzureIntegration.repoproj", "{4FAFC7E1-1F22-4949-86E8-2ABB60576436}"
EndProject
Project("{9A19103F-16F7-4668-BE54-9A1E7A4F7556}") = "BasicMiddleware", "src\Framework\BasicMiddleware.repoproj", "{A4161713-5965-4CD1-97E5-0030B0B4CCB7}"
EndProject
Project("{9A19103F-16F7-4668-BE54-9A1E7A4F7556}") = "BrowserLink", "src\Framework\BrowserLink.repoproj", "{731A3498-79C4-4F0E-B657-01CFF0FBEE5D}"
EndProject
Project("{9A19103F-16F7-4668-BE54-9A1E7A4F7556}") = "Caching", "src\Framework\Caching.repoproj", "{64D5E049-0226-4568-9C55-CF7B26AF061F}"
EndProject
Project("{9A19103F-16F7-4668-BE54-9A1E7A4F7556}") = "Common", "src\Framework\Common.repoproj", "{126B962D-27E7-49BC-8B1F-A72C799666E2}"
EndProject
Project("{9A19103F-16F7-4668-BE54-9A1E7A4F7556}") = "Configuration", "src\Framework\Configuration.repoproj", "{C57CEC56-C590-4391-8635-9934597D4ABD}"
EndProject
Project("{9A19103F-16F7-4668-BE54-9A1E7A4F7556}") = "CORS", "src\Framework\CORS.repoproj", "{67BA5666-7379-4E10-8586-C85EBC11F2F3}"
EndProject
Project("{9A19103F-16F7-4668-BE54-9A1E7A4F7556}") = "DataProtection", "src\Framework\DataProtection.repoproj", "{46A5CC57-1937-4C55-9D69-DAF6F857DBC7}"
EndProject
Project("{9A19103F-16F7-4668-BE54-9A1E7A4F7556}") = "DependencyInjection", "src\Framework\DependencyInjection.repoproj", "{48195A4C-150B-4A94-B180-468430647B7C}"
EndProject
Project("{9A19103F-16F7-4668-BE54-9A1E7A4F7556}") = "Diagnostics", "src\Framework\Diagnostics.repoproj", "{EA07A303-5B24-4179-AC72-67AAE239969D}"
EndProject
Project("{9A19103F-16F7-4668-BE54-9A1E7A4F7556}") = "DotNetTools", "src\Framework\DotNetTools.repoproj", "{9EB4D24E-11CA-4268-8517-432FCFBA64BE}"
EndProject
Project("{9A19103F-16F7-4668-BE54-9A1E7A4F7556}") = "EntityFrameworkCore", "src\Framework\EntityFrameworkCore.repoproj", "{2AA88124-670A-4A46-8254-2FE8E3B51236}"
EndProject
Project("{9A19103F-16F7-4668-BE54-9A1E7A4F7556}") = "EventNotification", "src\Framework\EventNotification.repoproj", "{122C0172-D503-427D-96F3-322A6B92144E}"
EndProject
Project("{9A19103F-16F7-4668-BE54-9A1E7A4F7556}") = "FileSystem", "src\Framework\FileSystem.repoproj", "{FBB2FC22-5400-4C49-BA08-211A57CF9FE9}"
EndProject
Project("{9A19103F-16F7-4668-BE54-9A1E7A4F7556}") = "Hosting", "src\Framework\Hosting.repoproj", "{119BF1B0-BB08-4FC8-9017-BBD52DE74E62}"
EndProject
Project("{9A19103F-16F7-4668-BE54-9A1E7A4F7556}") = "HtmlAbstractions", "src\Framework\HtmlAbstractions.repoproj", "{9FA083E1-E497-4D3B-B136-1EAA8D3A04D5}"
EndProject
Project("{9A19103F-16F7-4668-BE54-9A1E7A4F7556}") = "HttpAbstractions", "src\Framework\HttpAbstractions.repoproj", "{4E2730E3-86A7-4FE9-9FFC-39399520138D}"
EndProject
Project("{9A19103F-16F7-4668-BE54-9A1E7A4F7556}") = "HttpSysServer", "src\Framework\HttpSysServer.repoproj", "{403B6581-D925-434F-AEFC-27B2548EAE70}"
EndProject
Project("{9A19103F-16F7-4668-BE54-9A1E7A4F7556}") = "Identity", "src\Framework\Identity.repoproj", "{DD662D59-4C67-47D3-8FF5-DD8F843F71F6}"
EndProject
Project("{9A19103F-16F7-4668-BE54-9A1E7A4F7556}") = "IISIntegration", "src\Framework\IISIntegration.repoproj", "{1DDF6A61-8C26-4A30-81F6-93541432BBBE}"
EndProject
Project("{9A19103F-16F7-4668-BE54-9A1E7A4F7556}") = "JavaScriptServices", "src\Framework\JavaScriptServices.repoproj", "{1D4B5932-7545-439C-A2FD-0FCFC9777E01}"
EndProject
Project("{9A19103F-16F7-4668-BE54-9A1E7A4F7556}") = "JsonPatch", "src\Framework\JsonPatch.repoproj", "{DD346C7C-0246-42DF-8730-54BC16729514}"
EndProject
Project("{9A19103F-16F7-4668-BE54-9A1E7A4F7556}") = "KestrelHttpServer", "src\Framework\KestrelHttpServer.repoproj", "{BCFC1D26-BE81-44EF-B001-29A19C26022E}"
EndProject
Project("{9A19103F-16F7-4668-BE54-9A1E7A4F7556}") = "Localization", "src\Framework\Localization.repoproj", "{5B818FC8-7A31-45BD-9E50-AE833BF9CE13}"
EndProject
Project("{9A19103F-16F7-4668-BE54-9A1E7A4F7556}") = "Logging", "src\Framework\Logging.repoproj", "{08A05E0B-1AC5-4033-996F-1B407073331B}"
EndProject
Project("{9A19103F-16F7-4668-BE54-9A1E7A4F7556}") = "MetaPackages", "src\Framework\MetaPackages.repoproj", "{8374F065-4603-4C34-BFBA-EA5A75E7C0EB}"
EndProject
Project("{9A19103F-16F7-4668-BE54-9A1E7A4F7556}") = "Microsoft.Data.Sqlite", "src\Framework\Microsoft.Data.Sqlite.repoproj", "{38100101-2C1F-420D-94AF-9AA14B426F00}"
EndProject
Project("{9A19103F-16F7-4668-BE54-9A1E7A4F7556}") = "Mvc", "src\Framework\Mvc.repoproj", "{7B738B38-E161-4E2C-9E26-C0574D394DBB}"
EndProject
Project("{9A19103F-16F7-4668-BE54-9A1E7A4F7556}") = "Options", "src\Framework\Options.repoproj", "{B94079EB-C1DE-4C15-80D2-BD9D736C23DC}"
EndProject
Project("{9A19103F-16F7-4668-BE54-9A1E7A4F7556}") = "Proxy", "src\Framework\Proxy.repoproj", "{EC5CBD08-F696-402D-9B73-EE6FBA1A5FE5}"
EndProject
Project("{9A19103F-16F7-4668-BE54-9A1E7A4F7556}") = "Razor", "src\Framework\Razor.repoproj", "{365F3F02-B131-477C-9570-494FB9C28EF9}"
EndProject
Project("{9A19103F-16F7-4668-BE54-9A1E7A4F7556}") = "MvcPrecompilation", "src\Framework\MvcPrecompilation.repoproj", "{B8D65CDD-AF9D-4112-BC0D-9C90229A7F10}"
EndProject
Project("{9A19103F-16F7-4668-BE54-9A1E7A4F7556}") = "ResponseCaching", "src\Framework\ResponseCaching.repoproj", "{06D6702D-B4BF-419B-96E5-45B28CA890B4}"
EndProject
Project("{9A19103F-16F7-4668-BE54-9A1E7A4F7556}") = "Routing", "src\Framework\Routing.repoproj", "{3060F252-3D55-42E4-A1B6-9546844FA87A}"
EndProject
Project("{9A19103F-16F7-4668-BE54-9A1E7A4F7556}") = "Scaffolding", "src\Framework\Scaffolding.repoproj", "{38612747-3065-4342-A7BB-5F6D7BAF99E7}"
EndProject
Project("{9A19103F-16F7-4668-BE54-9A1E7A4F7556}") = "Security", "src\Framework\Security.repoproj", "{C45A135D-08FC-45F6-A1F6-F2D198D28C0E}"
EndProject
Project("{9A19103F-16F7-4668-BE54-9A1E7A4F7556}") = "ServerTests", "src\Framework\ServerTests.repoproj", "{70F4CD07-023E-4A4D-B0EC-A0BEABE5ECDA}"
EndProject
Project("{9A19103F-16F7-4668-BE54-9A1E7A4F7556}") = "Session", "src\Framework\Session.repoproj", "{E544A3FA-2D34-42A4-A4B8-B392C03D1243}"
EndProject
Project("{9A19103F-16F7-4668-BE54-9A1E7A4F7556}") = "StaticFiles", "src\Framework\StaticFiles.repoproj", "{470BB707-E7D6-4DC6-913F-EE02F9DE0288}"
EndProject
Project("{9A19103F-16F7-4668-BE54-9A1E7A4F7556}") = "Testing", "src\Framework\Testing.repoproj", "{558955F2-D1CE-4ADC-9E2F-AF76E6878107}"
EndProject
Project("{9A19103F-16F7-4668-BE54-9A1E7A4F7556}") = "WebSockets", "src\Framework\WebSockets.repoproj", "{E2A18F67-482B-4B64-8FC9-2C60509EF38B}"
EndProject
Project("{2150E333-8FDC-42A3-9474-1A3956D46DE8}") = "Framework", "Framework", "{C3229682-9150-4E4A-BF29-9B1E92B6FFF1}"
EndProject
Project("{2150E333-8FDC-42A3-9474-1A3956D46DE8}") = "Tooling", "Tooling", "{A7FFFC63-E8ED-46D3-86C0-FEE4449BD4D7}"
EndProject
Project("{2150E333-8FDC-42A3-9474-1A3956D46DE8}") = "Partners", "Partners", "{70D9B094-74EE-4052-A545-45981DE7D83D}"
EndProject
Project("{2150E333-8FDC-42A3-9474-1A3956D46DE8}") = "Installers", "Installers", "{3D6F469A-89E8-4CFD-ADC1-006E8ADBBD91}"
EndProject
Project("{2150E333-8FDC-42A3-9474-1A3956D46DE8}") = "RuntimeStore", "RuntimeStore", "{468E4AD6-EF4C-4259-B0B2-97B2CBFFD015}"
EndProject
Project("{9A19103F-16F7-4668-BE54-9A1E7A4F7556}") = "RuntimeStore", "src\RuntimeStore\RuntimeStore.proj", "{6D3C49C0-99B4-456A-850F-D64CDE2D66DC}"
EndProject
Global
	GlobalSection(SolutionConfigurationPlatforms) = preSolution
		Debug|linux-x64 = Debug|linux-x64
		Debug|osx-x64 = Debug|osx-x64
		Debug|win-x64 = Debug|win-x64
		Debug|win-x86 = Debug|win-x86
		Release|linux-x64 = Release|linux-x64
		Release|osx-x64 = Release|osx-x64
		Release|win-x64 = Release|win-x64
		Release|win-x86 = Release|win-x86
	EndGlobalSection
	GlobalSection(ProjectConfigurationPlatforms) = postSolution
		{17052599-51B1-491A-984F-FB1DE6ACB894}.Debug|linux-x64.ActiveCfg = Debug|Any CPU
		{17052599-51B1-491A-984F-FB1DE6ACB894}.Debug|linux-x64.Build.0 = Debug|Any CPU
		{17052599-51B1-491A-984F-FB1DE6ACB894}.Debug|osx-x64.ActiveCfg = Debug|Any CPU
		{17052599-51B1-491A-984F-FB1DE6ACB894}.Debug|osx-x64.Build.0 = Debug|Any CPU
		{17052599-51B1-491A-984F-FB1DE6ACB894}.Debug|win-x64.ActiveCfg = Debug|Any CPU
		{17052599-51B1-491A-984F-FB1DE6ACB894}.Debug|win-x64.Build.0 = Debug|Any CPU
		{17052599-51B1-491A-984F-FB1DE6ACB894}.Debug|win-x86.ActiveCfg = Debug|Any CPU
		{17052599-51B1-491A-984F-FB1DE6ACB894}.Debug|win-x86.Build.0 = Debug|Any CPU
		{17052599-51B1-491A-984F-FB1DE6ACB894}.Release|linux-x64.ActiveCfg = Release|Any CPU
		{17052599-51B1-491A-984F-FB1DE6ACB894}.Release|linux-x64.Build.0 = Release|Any CPU
		{17052599-51B1-491A-984F-FB1DE6ACB894}.Release|osx-x64.ActiveCfg = Release|Any CPU
		{17052599-51B1-491A-984F-FB1DE6ACB894}.Release|osx-x64.Build.0 = Release|Any CPU
		{17052599-51B1-491A-984F-FB1DE6ACB894}.Release|win-x64.ActiveCfg = Release|Any CPU
		{17052599-51B1-491A-984F-FB1DE6ACB894}.Release|win-x64.Build.0 = Release|Any CPU
		{17052599-51B1-491A-984F-FB1DE6ACB894}.Release|win-x86.ActiveCfg = Release|Any CPU
		{17052599-51B1-491A-984F-FB1DE6ACB894}.Release|win-x86.Build.0 = Release|Any CPU
		{360B9FB0-7EC3-4C88-81E9-C32009D283D6}.Debug|linux-x64.ActiveCfg = Debug|Any CPU
		{360B9FB0-7EC3-4C88-81E9-C32009D283D6}.Debug|linux-x64.Build.0 = Debug|Any CPU
		{360B9FB0-7EC3-4C88-81E9-C32009D283D6}.Debug|osx-x64.ActiveCfg = Debug|Any CPU
		{360B9FB0-7EC3-4C88-81E9-C32009D283D6}.Debug|osx-x64.Build.0 = Debug|Any CPU
		{360B9FB0-7EC3-4C88-81E9-C32009D283D6}.Debug|win-x64.ActiveCfg = Debug|Any CPU
		{360B9FB0-7EC3-4C88-81E9-C32009D283D6}.Debug|win-x64.Build.0 = Debug|Any CPU
		{360B9FB0-7EC3-4C88-81E9-C32009D283D6}.Debug|win-x86.ActiveCfg = Debug|Any CPU
		{360B9FB0-7EC3-4C88-81E9-C32009D283D6}.Debug|win-x86.Build.0 = Debug|Any CPU
		{360B9FB0-7EC3-4C88-81E9-C32009D283D6}.Release|linux-x64.ActiveCfg = Release|Any CPU
		{360B9FB0-7EC3-4C88-81E9-C32009D283D6}.Release|linux-x64.Build.0 = Release|Any CPU
		{360B9FB0-7EC3-4C88-81E9-C32009D283D6}.Release|osx-x64.ActiveCfg = Release|Any CPU
		{360B9FB0-7EC3-4C88-81E9-C32009D283D6}.Release|osx-x64.Build.0 = Release|Any CPU
		{360B9FB0-7EC3-4C88-81E9-C32009D283D6}.Release|win-x64.ActiveCfg = Release|Any CPU
		{360B9FB0-7EC3-4C88-81E9-C32009D283D6}.Release|win-x64.Build.0 = Release|Any CPU
		{360B9FB0-7EC3-4C88-81E9-C32009D283D6}.Release|win-x86.ActiveCfg = Release|Any CPU
		{360B9FB0-7EC3-4C88-81E9-C32009D283D6}.Release|win-x86.Build.0 = Release|Any CPU
		{AAF46610-48C2-47CD-BEC6-E983F6F77FBC}.Debug|linux-x64.ActiveCfg = Debug|Any CPU
		{AAF46610-48C2-47CD-BEC6-E983F6F77FBC}.Debug|linux-x64.Build.0 = Debug|Any CPU
		{AAF46610-48C2-47CD-BEC6-E983F6F77FBC}.Debug|osx-x64.ActiveCfg = Debug|Any CPU
		{AAF46610-48C2-47CD-BEC6-E983F6F77FBC}.Debug|osx-x64.Build.0 = Debug|Any CPU
		{AAF46610-48C2-47CD-BEC6-E983F6F77FBC}.Debug|win-x64.ActiveCfg = Debug|Any CPU
		{AAF46610-48C2-47CD-BEC6-E983F6F77FBC}.Debug|win-x64.Build.0 = Debug|Any CPU
		{AAF46610-48C2-47CD-BEC6-E983F6F77FBC}.Debug|win-x86.ActiveCfg = Debug|Any CPU
		{AAF46610-48C2-47CD-BEC6-E983F6F77FBC}.Debug|win-x86.Build.0 = Debug|Any CPU
		{AAF46610-48C2-47CD-BEC6-E983F6F77FBC}.Release|linux-x64.ActiveCfg = Release|Any CPU
		{AAF46610-48C2-47CD-BEC6-E983F6F77FBC}.Release|linux-x64.Build.0 = Release|Any CPU
		{AAF46610-48C2-47CD-BEC6-E983F6F77FBC}.Release|osx-x64.ActiveCfg = Release|Any CPU
		{AAF46610-48C2-47CD-BEC6-E983F6F77FBC}.Release|osx-x64.Build.0 = Release|Any CPU
		{AAF46610-48C2-47CD-BEC6-E983F6F77FBC}.Release|win-x64.ActiveCfg = Release|Any CPU
		{AAF46610-48C2-47CD-BEC6-E983F6F77FBC}.Release|win-x64.Build.0 = Release|Any CPU
		{AAF46610-48C2-47CD-BEC6-E983F6F77FBC}.Release|win-x86.ActiveCfg = Release|Any CPU
		{AAF46610-48C2-47CD-BEC6-E983F6F77FBC}.Release|win-x86.Build.0 = Release|Any CPU
		{4FAFC7E1-1F22-4949-86E8-2ABB60576436}.Debug|linux-x64.ActiveCfg = Debug|Any CPU
		{4FAFC7E1-1F22-4949-86E8-2ABB60576436}.Debug|linux-x64.Build.0 = Debug|Any CPU
		{4FAFC7E1-1F22-4949-86E8-2ABB60576436}.Debug|osx-x64.ActiveCfg = Debug|Any CPU
		{4FAFC7E1-1F22-4949-86E8-2ABB60576436}.Debug|osx-x64.Build.0 = Debug|Any CPU
		{4FAFC7E1-1F22-4949-86E8-2ABB60576436}.Debug|win-x64.ActiveCfg = Debug|Any CPU
		{4FAFC7E1-1F22-4949-86E8-2ABB60576436}.Debug|win-x64.Build.0 = Debug|Any CPU
		{4FAFC7E1-1F22-4949-86E8-2ABB60576436}.Debug|win-x86.ActiveCfg = Debug|Any CPU
		{4FAFC7E1-1F22-4949-86E8-2ABB60576436}.Debug|win-x86.Build.0 = Debug|Any CPU
		{4FAFC7E1-1F22-4949-86E8-2ABB60576436}.Release|linux-x64.ActiveCfg = Release|Any CPU
		{4FAFC7E1-1F22-4949-86E8-2ABB60576436}.Release|linux-x64.Build.0 = Release|Any CPU
		{4FAFC7E1-1F22-4949-86E8-2ABB60576436}.Release|osx-x64.ActiveCfg = Release|Any CPU
		{4FAFC7E1-1F22-4949-86E8-2ABB60576436}.Release|osx-x64.Build.0 = Release|Any CPU
		{4FAFC7E1-1F22-4949-86E8-2ABB60576436}.Release|win-x64.ActiveCfg = Release|Any CPU
		{4FAFC7E1-1F22-4949-86E8-2ABB60576436}.Release|win-x64.Build.0 = Release|Any CPU
		{4FAFC7E1-1F22-4949-86E8-2ABB60576436}.Release|win-x86.ActiveCfg = Release|Any CPU
		{4FAFC7E1-1F22-4949-86E8-2ABB60576436}.Release|win-x86.Build.0 = Release|Any CPU
		{A4161713-5965-4CD1-97E5-0030B0B4CCB7}.Debug|linux-x64.ActiveCfg = Debug|Any CPU
		{A4161713-5965-4CD1-97E5-0030B0B4CCB7}.Debug|linux-x64.Build.0 = Debug|Any CPU
		{A4161713-5965-4CD1-97E5-0030B0B4CCB7}.Debug|osx-x64.ActiveCfg = Debug|Any CPU
		{A4161713-5965-4CD1-97E5-0030B0B4CCB7}.Debug|osx-x64.Build.0 = Debug|Any CPU
		{A4161713-5965-4CD1-97E5-0030B0B4CCB7}.Debug|win-x64.ActiveCfg = Debug|Any CPU
		{A4161713-5965-4CD1-97E5-0030B0B4CCB7}.Debug|win-x64.Build.0 = Debug|Any CPU
		{A4161713-5965-4CD1-97E5-0030B0B4CCB7}.Debug|win-x86.ActiveCfg = Debug|Any CPU
		{A4161713-5965-4CD1-97E5-0030B0B4CCB7}.Debug|win-x86.Build.0 = Debug|Any CPU
		{A4161713-5965-4CD1-97E5-0030B0B4CCB7}.Release|linux-x64.ActiveCfg = Release|Any CPU
		{A4161713-5965-4CD1-97E5-0030B0B4CCB7}.Release|linux-x64.Build.0 = Release|Any CPU
		{A4161713-5965-4CD1-97E5-0030B0B4CCB7}.Release|osx-x64.ActiveCfg = Release|Any CPU
		{A4161713-5965-4CD1-97E5-0030B0B4CCB7}.Release|osx-x64.Build.0 = Release|Any CPU
		{A4161713-5965-4CD1-97E5-0030B0B4CCB7}.Release|win-x64.ActiveCfg = Release|Any CPU
		{A4161713-5965-4CD1-97E5-0030B0B4CCB7}.Release|win-x64.Build.0 = Release|Any CPU
		{A4161713-5965-4CD1-97E5-0030B0B4CCB7}.Release|win-x86.ActiveCfg = Release|Any CPU
		{A4161713-5965-4CD1-97E5-0030B0B4CCB7}.Release|win-x86.Build.0 = Release|Any CPU
		{731A3498-79C4-4F0E-B657-01CFF0FBEE5D}.Debug|linux-x64.ActiveCfg = Debug|Any CPU
		{731A3498-79C4-4F0E-B657-01CFF0FBEE5D}.Debug|linux-x64.Build.0 = Debug|Any CPU
		{731A3498-79C4-4F0E-B657-01CFF0FBEE5D}.Debug|osx-x64.ActiveCfg = Debug|Any CPU
		{731A3498-79C4-4F0E-B657-01CFF0FBEE5D}.Debug|osx-x64.Build.0 = Debug|Any CPU
		{731A3498-79C4-4F0E-B657-01CFF0FBEE5D}.Debug|win-x64.ActiveCfg = Debug|Any CPU
		{731A3498-79C4-4F0E-B657-01CFF0FBEE5D}.Debug|win-x64.Build.0 = Debug|Any CPU
		{731A3498-79C4-4F0E-B657-01CFF0FBEE5D}.Debug|win-x86.ActiveCfg = Debug|Any CPU
		{731A3498-79C4-4F0E-B657-01CFF0FBEE5D}.Debug|win-x86.Build.0 = Debug|Any CPU
		{731A3498-79C4-4F0E-B657-01CFF0FBEE5D}.Release|linux-x64.ActiveCfg = Release|Any CPU
		{731A3498-79C4-4F0E-B657-01CFF0FBEE5D}.Release|linux-x64.Build.0 = Release|Any CPU
		{731A3498-79C4-4F0E-B657-01CFF0FBEE5D}.Release|osx-x64.ActiveCfg = Release|Any CPU
		{731A3498-79C4-4F0E-B657-01CFF0FBEE5D}.Release|osx-x64.Build.0 = Release|Any CPU
		{731A3498-79C4-4F0E-B657-01CFF0FBEE5D}.Release|win-x64.ActiveCfg = Release|Any CPU
		{731A3498-79C4-4F0E-B657-01CFF0FBEE5D}.Release|win-x64.Build.0 = Release|Any CPU
		{731A3498-79C4-4F0E-B657-01CFF0FBEE5D}.Release|win-x86.ActiveCfg = Release|Any CPU
		{731A3498-79C4-4F0E-B657-01CFF0FBEE5D}.Release|win-x86.Build.0 = Release|Any CPU
		{64D5E049-0226-4568-9C55-CF7B26AF061F}.Debug|linux-x64.ActiveCfg = Debug|Any CPU
		{64D5E049-0226-4568-9C55-CF7B26AF061F}.Debug|linux-x64.Build.0 = Debug|Any CPU
		{64D5E049-0226-4568-9C55-CF7B26AF061F}.Debug|osx-x64.ActiveCfg = Debug|Any CPU
		{64D5E049-0226-4568-9C55-CF7B26AF061F}.Debug|osx-x64.Build.0 = Debug|Any CPU
		{64D5E049-0226-4568-9C55-CF7B26AF061F}.Debug|win-x64.ActiveCfg = Debug|Any CPU
		{64D5E049-0226-4568-9C55-CF7B26AF061F}.Debug|win-x64.Build.0 = Debug|Any CPU
		{64D5E049-0226-4568-9C55-CF7B26AF061F}.Debug|win-x86.ActiveCfg = Debug|Any CPU
		{64D5E049-0226-4568-9C55-CF7B26AF061F}.Debug|win-x86.Build.0 = Debug|Any CPU
		{64D5E049-0226-4568-9C55-CF7B26AF061F}.Release|linux-x64.ActiveCfg = Release|Any CPU
		{64D5E049-0226-4568-9C55-CF7B26AF061F}.Release|linux-x64.Build.0 = Release|Any CPU
		{64D5E049-0226-4568-9C55-CF7B26AF061F}.Release|osx-x64.ActiveCfg = Release|Any CPU
		{64D5E049-0226-4568-9C55-CF7B26AF061F}.Release|osx-x64.Build.0 = Release|Any CPU
		{64D5E049-0226-4568-9C55-CF7B26AF061F}.Release|win-x64.ActiveCfg = Release|Any CPU
		{64D5E049-0226-4568-9C55-CF7B26AF061F}.Release|win-x64.Build.0 = Release|Any CPU
		{64D5E049-0226-4568-9C55-CF7B26AF061F}.Release|win-x86.ActiveCfg = Release|Any CPU
		{64D5E049-0226-4568-9C55-CF7B26AF061F}.Release|win-x86.Build.0 = Release|Any CPU
		{126B962D-27E7-49BC-8B1F-A72C799666E2}.Debug|linux-x64.ActiveCfg = Debug|Any CPU
		{126B962D-27E7-49BC-8B1F-A72C799666E2}.Debug|linux-x64.Build.0 = Debug|Any CPU
		{126B962D-27E7-49BC-8B1F-A72C799666E2}.Debug|osx-x64.ActiveCfg = Debug|Any CPU
		{126B962D-27E7-49BC-8B1F-A72C799666E2}.Debug|osx-x64.Build.0 = Debug|Any CPU
		{126B962D-27E7-49BC-8B1F-A72C799666E2}.Debug|win-x64.ActiveCfg = Debug|Any CPU
		{126B962D-27E7-49BC-8B1F-A72C799666E2}.Debug|win-x64.Build.0 = Debug|Any CPU
		{126B962D-27E7-49BC-8B1F-A72C799666E2}.Debug|win-x86.ActiveCfg = Debug|Any CPU
		{126B962D-27E7-49BC-8B1F-A72C799666E2}.Debug|win-x86.Build.0 = Debug|Any CPU
		{126B962D-27E7-49BC-8B1F-A72C799666E2}.Release|linux-x64.ActiveCfg = Release|Any CPU
		{126B962D-27E7-49BC-8B1F-A72C799666E2}.Release|linux-x64.Build.0 = Release|Any CPU
		{126B962D-27E7-49BC-8B1F-A72C799666E2}.Release|osx-x64.ActiveCfg = Release|Any CPU
		{126B962D-27E7-49BC-8B1F-A72C799666E2}.Release|osx-x64.Build.0 = Release|Any CPU
		{126B962D-27E7-49BC-8B1F-A72C799666E2}.Release|win-x64.ActiveCfg = Release|Any CPU
		{126B962D-27E7-49BC-8B1F-A72C799666E2}.Release|win-x64.Build.0 = Release|Any CPU
		{126B962D-27E7-49BC-8B1F-A72C799666E2}.Release|win-x86.ActiveCfg = Release|Any CPU
		{126B962D-27E7-49BC-8B1F-A72C799666E2}.Release|win-x86.Build.0 = Release|Any CPU
		{C57CEC56-C590-4391-8635-9934597D4ABD}.Debug|linux-x64.ActiveCfg = Debug|Any CPU
		{C57CEC56-C590-4391-8635-9934597D4ABD}.Debug|linux-x64.Build.0 = Debug|Any CPU
		{C57CEC56-C590-4391-8635-9934597D4ABD}.Debug|osx-x64.ActiveCfg = Debug|Any CPU
		{C57CEC56-C590-4391-8635-9934597D4ABD}.Debug|osx-x64.Build.0 = Debug|Any CPU
		{C57CEC56-C590-4391-8635-9934597D4ABD}.Debug|win-x64.ActiveCfg = Debug|Any CPU
		{C57CEC56-C590-4391-8635-9934597D4ABD}.Debug|win-x64.Build.0 = Debug|Any CPU
		{C57CEC56-C590-4391-8635-9934597D4ABD}.Debug|win-x86.ActiveCfg = Debug|Any CPU
		{C57CEC56-C590-4391-8635-9934597D4ABD}.Debug|win-x86.Build.0 = Debug|Any CPU
		{C57CEC56-C590-4391-8635-9934597D4ABD}.Release|linux-x64.ActiveCfg = Release|Any CPU
		{C57CEC56-C590-4391-8635-9934597D4ABD}.Release|linux-x64.Build.0 = Release|Any CPU
		{C57CEC56-C590-4391-8635-9934597D4ABD}.Release|osx-x64.ActiveCfg = Release|Any CPU
		{C57CEC56-C590-4391-8635-9934597D4ABD}.Release|osx-x64.Build.0 = Release|Any CPU
		{C57CEC56-C590-4391-8635-9934597D4ABD}.Release|win-x64.ActiveCfg = Release|Any CPU
		{C57CEC56-C590-4391-8635-9934597D4ABD}.Release|win-x64.Build.0 = Release|Any CPU
		{C57CEC56-C590-4391-8635-9934597D4ABD}.Release|win-x86.ActiveCfg = Release|Any CPU
		{C57CEC56-C590-4391-8635-9934597D4ABD}.Release|win-x86.Build.0 = Release|Any CPU
		{67BA5666-7379-4E10-8586-C85EBC11F2F3}.Debug|linux-x64.ActiveCfg = Debug|Any CPU
		{67BA5666-7379-4E10-8586-C85EBC11F2F3}.Debug|linux-x64.Build.0 = Debug|Any CPU
		{67BA5666-7379-4E10-8586-C85EBC11F2F3}.Debug|osx-x64.ActiveCfg = Debug|Any CPU
		{67BA5666-7379-4E10-8586-C85EBC11F2F3}.Debug|osx-x64.Build.0 = Debug|Any CPU
		{67BA5666-7379-4E10-8586-C85EBC11F2F3}.Debug|win-x64.ActiveCfg = Debug|Any CPU
		{67BA5666-7379-4E10-8586-C85EBC11F2F3}.Debug|win-x64.Build.0 = Debug|Any CPU
		{67BA5666-7379-4E10-8586-C85EBC11F2F3}.Debug|win-x86.ActiveCfg = Debug|Any CPU
		{67BA5666-7379-4E10-8586-C85EBC11F2F3}.Debug|win-x86.Build.0 = Debug|Any CPU
		{67BA5666-7379-4E10-8586-C85EBC11F2F3}.Release|linux-x64.ActiveCfg = Release|Any CPU
		{67BA5666-7379-4E10-8586-C85EBC11F2F3}.Release|linux-x64.Build.0 = Release|Any CPU
		{67BA5666-7379-4E10-8586-C85EBC11F2F3}.Release|osx-x64.ActiveCfg = Release|Any CPU
		{67BA5666-7379-4E10-8586-C85EBC11F2F3}.Release|osx-x64.Build.0 = Release|Any CPU
		{67BA5666-7379-4E10-8586-C85EBC11F2F3}.Release|win-x64.ActiveCfg = Release|Any CPU
		{67BA5666-7379-4E10-8586-C85EBC11F2F3}.Release|win-x64.Build.0 = Release|Any CPU
		{67BA5666-7379-4E10-8586-C85EBC11F2F3}.Release|win-x86.ActiveCfg = Release|Any CPU
		{67BA5666-7379-4E10-8586-C85EBC11F2F3}.Release|win-x86.Build.0 = Release|Any CPU
		{46A5CC57-1937-4C55-9D69-DAF6F857DBC7}.Debug|linux-x64.ActiveCfg = Debug|Any CPU
		{46A5CC57-1937-4C55-9D69-DAF6F857DBC7}.Debug|linux-x64.Build.0 = Debug|Any CPU
		{46A5CC57-1937-4C55-9D69-DAF6F857DBC7}.Debug|osx-x64.ActiveCfg = Debug|Any CPU
		{46A5CC57-1937-4C55-9D69-DAF6F857DBC7}.Debug|osx-x64.Build.0 = Debug|Any CPU
		{46A5CC57-1937-4C55-9D69-DAF6F857DBC7}.Debug|win-x64.ActiveCfg = Debug|Any CPU
		{46A5CC57-1937-4C55-9D69-DAF6F857DBC7}.Debug|win-x64.Build.0 = Debug|Any CPU
		{46A5CC57-1937-4C55-9D69-DAF6F857DBC7}.Debug|win-x86.ActiveCfg = Debug|Any CPU
		{46A5CC57-1937-4C55-9D69-DAF6F857DBC7}.Debug|win-x86.Build.0 = Debug|Any CPU
		{46A5CC57-1937-4C55-9D69-DAF6F857DBC7}.Release|linux-x64.ActiveCfg = Release|Any CPU
		{46A5CC57-1937-4C55-9D69-DAF6F857DBC7}.Release|linux-x64.Build.0 = Release|Any CPU
		{46A5CC57-1937-4C55-9D69-DAF6F857DBC7}.Release|osx-x64.ActiveCfg = Release|Any CPU
		{46A5CC57-1937-4C55-9D69-DAF6F857DBC7}.Release|osx-x64.Build.0 = Release|Any CPU
		{46A5CC57-1937-4C55-9D69-DAF6F857DBC7}.Release|win-x64.ActiveCfg = Release|Any CPU
		{46A5CC57-1937-4C55-9D69-DAF6F857DBC7}.Release|win-x64.Build.0 = Release|Any CPU
		{46A5CC57-1937-4C55-9D69-DAF6F857DBC7}.Release|win-x86.ActiveCfg = Release|Any CPU
		{46A5CC57-1937-4C55-9D69-DAF6F857DBC7}.Release|win-x86.Build.0 = Release|Any CPU
		{48195A4C-150B-4A94-B180-468430647B7C}.Debug|linux-x64.ActiveCfg = Debug|Any CPU
		{48195A4C-150B-4A94-B180-468430647B7C}.Debug|linux-x64.Build.0 = Debug|Any CPU
		{48195A4C-150B-4A94-B180-468430647B7C}.Debug|osx-x64.ActiveCfg = Debug|Any CPU
		{48195A4C-150B-4A94-B180-468430647B7C}.Debug|osx-x64.Build.0 = Debug|Any CPU
		{48195A4C-150B-4A94-B180-468430647B7C}.Debug|win-x64.ActiveCfg = Debug|Any CPU
		{48195A4C-150B-4A94-B180-468430647B7C}.Debug|win-x64.Build.0 = Debug|Any CPU
		{48195A4C-150B-4A94-B180-468430647B7C}.Debug|win-x86.ActiveCfg = Debug|Any CPU
		{48195A4C-150B-4A94-B180-468430647B7C}.Debug|win-x86.Build.0 = Debug|Any CPU
		{48195A4C-150B-4A94-B180-468430647B7C}.Release|linux-x64.ActiveCfg = Release|Any CPU
		{48195A4C-150B-4A94-B180-468430647B7C}.Release|linux-x64.Build.0 = Release|Any CPU
		{48195A4C-150B-4A94-B180-468430647B7C}.Release|osx-x64.ActiveCfg = Release|Any CPU
		{48195A4C-150B-4A94-B180-468430647B7C}.Release|osx-x64.Build.0 = Release|Any CPU
		{48195A4C-150B-4A94-B180-468430647B7C}.Release|win-x64.ActiveCfg = Release|Any CPU
		{48195A4C-150B-4A94-B180-468430647B7C}.Release|win-x64.Build.0 = Release|Any CPU
		{48195A4C-150B-4A94-B180-468430647B7C}.Release|win-x86.ActiveCfg = Release|Any CPU
		{48195A4C-150B-4A94-B180-468430647B7C}.Release|win-x86.Build.0 = Release|Any CPU
		{EA07A303-5B24-4179-AC72-67AAE239969D}.Debug|linux-x64.ActiveCfg = Debug|Any CPU
		{EA07A303-5B24-4179-AC72-67AAE239969D}.Debug|linux-x64.Build.0 = Debug|Any CPU
		{EA07A303-5B24-4179-AC72-67AAE239969D}.Debug|osx-x64.ActiveCfg = Debug|Any CPU
		{EA07A303-5B24-4179-AC72-67AAE239969D}.Debug|osx-x64.Build.0 = Debug|Any CPU
		{EA07A303-5B24-4179-AC72-67AAE239969D}.Debug|win-x64.ActiveCfg = Debug|Any CPU
		{EA07A303-5B24-4179-AC72-67AAE239969D}.Debug|win-x64.Build.0 = Debug|Any CPU
		{EA07A303-5B24-4179-AC72-67AAE239969D}.Debug|win-x86.ActiveCfg = Debug|Any CPU
		{EA07A303-5B24-4179-AC72-67AAE239969D}.Debug|win-x86.Build.0 = Debug|Any CPU
		{EA07A303-5B24-4179-AC72-67AAE239969D}.Release|linux-x64.ActiveCfg = Release|Any CPU
		{EA07A303-5B24-4179-AC72-67AAE239969D}.Release|linux-x64.Build.0 = Release|Any CPU
		{EA07A303-5B24-4179-AC72-67AAE239969D}.Release|osx-x64.ActiveCfg = Release|Any CPU
		{EA07A303-5B24-4179-AC72-67AAE239969D}.Release|osx-x64.Build.0 = Release|Any CPU
		{EA07A303-5B24-4179-AC72-67AAE239969D}.Release|win-x64.ActiveCfg = Release|Any CPU
		{EA07A303-5B24-4179-AC72-67AAE239969D}.Release|win-x64.Build.0 = Release|Any CPU
		{EA07A303-5B24-4179-AC72-67AAE239969D}.Release|win-x86.ActiveCfg = Release|Any CPU
		{EA07A303-5B24-4179-AC72-67AAE239969D}.Release|win-x86.Build.0 = Release|Any CPU
		{9EB4D24E-11CA-4268-8517-432FCFBA64BE}.Debug|linux-x64.ActiveCfg = Debug|Any CPU
		{9EB4D24E-11CA-4268-8517-432FCFBA64BE}.Debug|linux-x64.Build.0 = Debug|Any CPU
		{9EB4D24E-11CA-4268-8517-432FCFBA64BE}.Debug|osx-x64.ActiveCfg = Debug|Any CPU
		{9EB4D24E-11CA-4268-8517-432FCFBA64BE}.Debug|osx-x64.Build.0 = Debug|Any CPU
		{9EB4D24E-11CA-4268-8517-432FCFBA64BE}.Debug|win-x64.ActiveCfg = Debug|Any CPU
		{9EB4D24E-11CA-4268-8517-432FCFBA64BE}.Debug|win-x64.Build.0 = Debug|Any CPU
		{9EB4D24E-11CA-4268-8517-432FCFBA64BE}.Debug|win-x86.ActiveCfg = Debug|Any CPU
		{9EB4D24E-11CA-4268-8517-432FCFBA64BE}.Debug|win-x86.Build.0 = Debug|Any CPU
		{9EB4D24E-11CA-4268-8517-432FCFBA64BE}.Release|linux-x64.ActiveCfg = Release|Any CPU
		{9EB4D24E-11CA-4268-8517-432FCFBA64BE}.Release|linux-x64.Build.0 = Release|Any CPU
		{9EB4D24E-11CA-4268-8517-432FCFBA64BE}.Release|osx-x64.ActiveCfg = Release|Any CPU
		{9EB4D24E-11CA-4268-8517-432FCFBA64BE}.Release|osx-x64.Build.0 = Release|Any CPU
		{9EB4D24E-11CA-4268-8517-432FCFBA64BE}.Release|win-x64.ActiveCfg = Release|Any CPU
		{9EB4D24E-11CA-4268-8517-432FCFBA64BE}.Release|win-x64.Build.0 = Release|Any CPU
		{9EB4D24E-11CA-4268-8517-432FCFBA64BE}.Release|win-x86.ActiveCfg = Release|Any CPU
		{9EB4D24E-11CA-4268-8517-432FCFBA64BE}.Release|win-x86.Build.0 = Release|Any CPU
		{2AA88124-670A-4A46-8254-2FE8E3B51236}.Debug|linux-x64.ActiveCfg = Debug|Any CPU
		{2AA88124-670A-4A46-8254-2FE8E3B51236}.Debug|linux-x64.Build.0 = Debug|Any CPU
		{2AA88124-670A-4A46-8254-2FE8E3B51236}.Debug|osx-x64.ActiveCfg = Debug|Any CPU
		{2AA88124-670A-4A46-8254-2FE8E3B51236}.Debug|osx-x64.Build.0 = Debug|Any CPU
		{2AA88124-670A-4A46-8254-2FE8E3B51236}.Debug|win-x64.ActiveCfg = Debug|Any CPU
		{2AA88124-670A-4A46-8254-2FE8E3B51236}.Debug|win-x64.Build.0 = Debug|Any CPU
		{2AA88124-670A-4A46-8254-2FE8E3B51236}.Debug|win-x86.ActiveCfg = Debug|Any CPU
		{2AA88124-670A-4A46-8254-2FE8E3B51236}.Debug|win-x86.Build.0 = Debug|Any CPU
		{2AA88124-670A-4A46-8254-2FE8E3B51236}.Release|linux-x64.ActiveCfg = Release|Any CPU
		{2AA88124-670A-4A46-8254-2FE8E3B51236}.Release|linux-x64.Build.0 = Release|Any CPU
		{2AA88124-670A-4A46-8254-2FE8E3B51236}.Release|osx-x64.ActiveCfg = Release|Any CPU
		{2AA88124-670A-4A46-8254-2FE8E3B51236}.Release|osx-x64.Build.0 = Release|Any CPU
		{2AA88124-670A-4A46-8254-2FE8E3B51236}.Release|win-x64.ActiveCfg = Release|Any CPU
		{2AA88124-670A-4A46-8254-2FE8E3B51236}.Release|win-x64.Build.0 = Release|Any CPU
		{2AA88124-670A-4A46-8254-2FE8E3B51236}.Release|win-x86.ActiveCfg = Release|Any CPU
		{2AA88124-670A-4A46-8254-2FE8E3B51236}.Release|win-x86.Build.0 = Release|Any CPU
		{122C0172-D503-427D-96F3-322A6B92144E}.Debug|linux-x64.ActiveCfg = Debug|Any CPU
		{122C0172-D503-427D-96F3-322A6B92144E}.Debug|linux-x64.Build.0 = Debug|Any CPU
		{122C0172-D503-427D-96F3-322A6B92144E}.Debug|osx-x64.ActiveCfg = Debug|Any CPU
		{122C0172-D503-427D-96F3-322A6B92144E}.Debug|osx-x64.Build.0 = Debug|Any CPU
		{122C0172-D503-427D-96F3-322A6B92144E}.Debug|win-x64.ActiveCfg = Debug|Any CPU
		{122C0172-D503-427D-96F3-322A6B92144E}.Debug|win-x64.Build.0 = Debug|Any CPU
		{122C0172-D503-427D-96F3-322A6B92144E}.Debug|win-x86.ActiveCfg = Debug|Any CPU
		{122C0172-D503-427D-96F3-322A6B92144E}.Debug|win-x86.Build.0 = Debug|Any CPU
		{122C0172-D503-427D-96F3-322A6B92144E}.Release|linux-x64.ActiveCfg = Release|Any CPU
		{122C0172-D503-427D-96F3-322A6B92144E}.Release|linux-x64.Build.0 = Release|Any CPU
		{122C0172-D503-427D-96F3-322A6B92144E}.Release|osx-x64.ActiveCfg = Release|Any CPU
		{122C0172-D503-427D-96F3-322A6B92144E}.Release|osx-x64.Build.0 = Release|Any CPU
		{122C0172-D503-427D-96F3-322A6B92144E}.Release|win-x64.ActiveCfg = Release|Any CPU
		{122C0172-D503-427D-96F3-322A6B92144E}.Release|win-x64.Build.0 = Release|Any CPU
		{122C0172-D503-427D-96F3-322A6B92144E}.Release|win-x86.ActiveCfg = Release|Any CPU
		{122C0172-D503-427D-96F3-322A6B92144E}.Release|win-x86.Build.0 = Release|Any CPU
		{FBB2FC22-5400-4C49-BA08-211A57CF9FE9}.Debug|linux-x64.ActiveCfg = Debug|Any CPU
		{FBB2FC22-5400-4C49-BA08-211A57CF9FE9}.Debug|linux-x64.Build.0 = Debug|Any CPU
		{FBB2FC22-5400-4C49-BA08-211A57CF9FE9}.Debug|osx-x64.ActiveCfg = Debug|Any CPU
		{FBB2FC22-5400-4C49-BA08-211A57CF9FE9}.Debug|osx-x64.Build.0 = Debug|Any CPU
		{FBB2FC22-5400-4C49-BA08-211A57CF9FE9}.Debug|win-x64.ActiveCfg = Debug|Any CPU
		{FBB2FC22-5400-4C49-BA08-211A57CF9FE9}.Debug|win-x64.Build.0 = Debug|Any CPU
		{FBB2FC22-5400-4C49-BA08-211A57CF9FE9}.Debug|win-x86.ActiveCfg = Debug|Any CPU
		{FBB2FC22-5400-4C49-BA08-211A57CF9FE9}.Debug|win-x86.Build.0 = Debug|Any CPU
		{FBB2FC22-5400-4C49-BA08-211A57CF9FE9}.Release|linux-x64.ActiveCfg = Release|Any CPU
		{FBB2FC22-5400-4C49-BA08-211A57CF9FE9}.Release|linux-x64.Build.0 = Release|Any CPU
		{FBB2FC22-5400-4C49-BA08-211A57CF9FE9}.Release|osx-x64.ActiveCfg = Release|Any CPU
		{FBB2FC22-5400-4C49-BA08-211A57CF9FE9}.Release|osx-x64.Build.0 = Release|Any CPU
		{FBB2FC22-5400-4C49-BA08-211A57CF9FE9}.Release|win-x64.ActiveCfg = Release|Any CPU
		{FBB2FC22-5400-4C49-BA08-211A57CF9FE9}.Release|win-x64.Build.0 = Release|Any CPU
		{FBB2FC22-5400-4C49-BA08-211A57CF9FE9}.Release|win-x86.ActiveCfg = Release|Any CPU
		{FBB2FC22-5400-4C49-BA08-211A57CF9FE9}.Release|win-x86.Build.0 = Release|Any CPU
		{119BF1B0-BB08-4FC8-9017-BBD52DE74E62}.Debug|linux-x64.ActiveCfg = Debug|Any CPU
		{119BF1B0-BB08-4FC8-9017-BBD52DE74E62}.Debug|linux-x64.Build.0 = Debug|Any CPU
		{119BF1B0-BB08-4FC8-9017-BBD52DE74E62}.Debug|osx-x64.ActiveCfg = Debug|Any CPU
		{119BF1B0-BB08-4FC8-9017-BBD52DE74E62}.Debug|osx-x64.Build.0 = Debug|Any CPU
		{119BF1B0-BB08-4FC8-9017-BBD52DE74E62}.Debug|win-x64.ActiveCfg = Debug|Any CPU
		{119BF1B0-BB08-4FC8-9017-BBD52DE74E62}.Debug|win-x64.Build.0 = Debug|Any CPU
		{119BF1B0-BB08-4FC8-9017-BBD52DE74E62}.Debug|win-x86.ActiveCfg = Debug|Any CPU
		{119BF1B0-BB08-4FC8-9017-BBD52DE74E62}.Debug|win-x86.Build.0 = Debug|Any CPU
		{119BF1B0-BB08-4FC8-9017-BBD52DE74E62}.Release|linux-x64.ActiveCfg = Release|Any CPU
		{119BF1B0-BB08-4FC8-9017-BBD52DE74E62}.Release|linux-x64.Build.0 = Release|Any CPU
		{119BF1B0-BB08-4FC8-9017-BBD52DE74E62}.Release|osx-x64.ActiveCfg = Release|Any CPU
		{119BF1B0-BB08-4FC8-9017-BBD52DE74E62}.Release|osx-x64.Build.0 = Release|Any CPU
		{119BF1B0-BB08-4FC8-9017-BBD52DE74E62}.Release|win-x64.ActiveCfg = Release|Any CPU
		{119BF1B0-BB08-4FC8-9017-BBD52DE74E62}.Release|win-x64.Build.0 = Release|Any CPU
		{119BF1B0-BB08-4FC8-9017-BBD52DE74E62}.Release|win-x86.ActiveCfg = Release|Any CPU
		{119BF1B0-BB08-4FC8-9017-BBD52DE74E62}.Release|win-x86.Build.0 = Release|Any CPU
		{9FA083E1-E497-4D3B-B136-1EAA8D3A04D5}.Debug|linux-x64.ActiveCfg = Debug|Any CPU
		{9FA083E1-E497-4D3B-B136-1EAA8D3A04D5}.Debug|linux-x64.Build.0 = Debug|Any CPU
		{9FA083E1-E497-4D3B-B136-1EAA8D3A04D5}.Debug|osx-x64.ActiveCfg = Debug|Any CPU
		{9FA083E1-E497-4D3B-B136-1EAA8D3A04D5}.Debug|osx-x64.Build.0 = Debug|Any CPU
		{9FA083E1-E497-4D3B-B136-1EAA8D3A04D5}.Debug|win-x64.ActiveCfg = Debug|Any CPU
		{9FA083E1-E497-4D3B-B136-1EAA8D3A04D5}.Debug|win-x64.Build.0 = Debug|Any CPU
		{9FA083E1-E497-4D3B-B136-1EAA8D3A04D5}.Debug|win-x86.ActiveCfg = Debug|Any CPU
		{9FA083E1-E497-4D3B-B136-1EAA8D3A04D5}.Debug|win-x86.Build.0 = Debug|Any CPU
		{9FA083E1-E497-4D3B-B136-1EAA8D3A04D5}.Release|linux-x64.ActiveCfg = Release|Any CPU
		{9FA083E1-E497-4D3B-B136-1EAA8D3A04D5}.Release|linux-x64.Build.0 = Release|Any CPU
		{9FA083E1-E497-4D3B-B136-1EAA8D3A04D5}.Release|osx-x64.ActiveCfg = Release|Any CPU
		{9FA083E1-E497-4D3B-B136-1EAA8D3A04D5}.Release|osx-x64.Build.0 = Release|Any CPU
		{9FA083E1-E497-4D3B-B136-1EAA8D3A04D5}.Release|win-x64.ActiveCfg = Release|Any CPU
		{9FA083E1-E497-4D3B-B136-1EAA8D3A04D5}.Release|win-x64.Build.0 = Release|Any CPU
		{9FA083E1-E497-4D3B-B136-1EAA8D3A04D5}.Release|win-x86.ActiveCfg = Release|Any CPU
		{9FA083E1-E497-4D3B-B136-1EAA8D3A04D5}.Release|win-x86.Build.0 = Release|Any CPU
		{4E2730E3-86A7-4FE9-9FFC-39399520138D}.Debug|linux-x64.ActiveCfg = Debug|Any CPU
		{4E2730E3-86A7-4FE9-9FFC-39399520138D}.Debug|linux-x64.Build.0 = Debug|Any CPU
		{4E2730E3-86A7-4FE9-9FFC-39399520138D}.Debug|osx-x64.ActiveCfg = Debug|Any CPU
		{4E2730E3-86A7-4FE9-9FFC-39399520138D}.Debug|osx-x64.Build.0 = Debug|Any CPU
		{4E2730E3-86A7-4FE9-9FFC-39399520138D}.Debug|win-x64.ActiveCfg = Debug|Any CPU
		{4E2730E3-86A7-4FE9-9FFC-39399520138D}.Debug|win-x64.Build.0 = Debug|Any CPU
		{4E2730E3-86A7-4FE9-9FFC-39399520138D}.Debug|win-x86.ActiveCfg = Debug|Any CPU
		{4E2730E3-86A7-4FE9-9FFC-39399520138D}.Debug|win-x86.Build.0 = Debug|Any CPU
		{4E2730E3-86A7-4FE9-9FFC-39399520138D}.Release|linux-x64.ActiveCfg = Release|Any CPU
		{4E2730E3-86A7-4FE9-9FFC-39399520138D}.Release|linux-x64.Build.0 = Release|Any CPU
		{4E2730E3-86A7-4FE9-9FFC-39399520138D}.Release|osx-x64.ActiveCfg = Release|Any CPU
		{4E2730E3-86A7-4FE9-9FFC-39399520138D}.Release|osx-x64.Build.0 = Release|Any CPU
		{4E2730E3-86A7-4FE9-9FFC-39399520138D}.Release|win-x64.ActiveCfg = Release|Any CPU
		{4E2730E3-86A7-4FE9-9FFC-39399520138D}.Release|win-x64.Build.0 = Release|Any CPU
		{4E2730E3-86A7-4FE9-9FFC-39399520138D}.Release|win-x86.ActiveCfg = Release|Any CPU
		{4E2730E3-86A7-4FE9-9FFC-39399520138D}.Release|win-x86.Build.0 = Release|Any CPU
		{403B6581-D925-434F-AEFC-27B2548EAE70}.Debug|linux-x64.ActiveCfg = Debug|Any CPU
		{403B6581-D925-434F-AEFC-27B2548EAE70}.Debug|linux-x64.Build.0 = Debug|Any CPU
		{403B6581-D925-434F-AEFC-27B2548EAE70}.Debug|osx-x64.ActiveCfg = Debug|Any CPU
		{403B6581-D925-434F-AEFC-27B2548EAE70}.Debug|osx-x64.Build.0 = Debug|Any CPU
		{403B6581-D925-434F-AEFC-27B2548EAE70}.Debug|win-x64.ActiveCfg = Debug|Any CPU
		{403B6581-D925-434F-AEFC-27B2548EAE70}.Debug|win-x64.Build.0 = Debug|Any CPU
		{403B6581-D925-434F-AEFC-27B2548EAE70}.Debug|win-x86.ActiveCfg = Debug|Any CPU
		{403B6581-D925-434F-AEFC-27B2548EAE70}.Debug|win-x86.Build.0 = Debug|Any CPU
		{403B6581-D925-434F-AEFC-27B2548EAE70}.Release|linux-x64.ActiveCfg = Release|Any CPU
		{403B6581-D925-434F-AEFC-27B2548EAE70}.Release|linux-x64.Build.0 = Release|Any CPU
		{403B6581-D925-434F-AEFC-27B2548EAE70}.Release|osx-x64.ActiveCfg = Release|Any CPU
		{403B6581-D925-434F-AEFC-27B2548EAE70}.Release|osx-x64.Build.0 = Release|Any CPU
		{403B6581-D925-434F-AEFC-27B2548EAE70}.Release|win-x64.ActiveCfg = Release|Any CPU
		{403B6581-D925-434F-AEFC-27B2548EAE70}.Release|win-x64.Build.0 = Release|Any CPU
		{403B6581-D925-434F-AEFC-27B2548EAE70}.Release|win-x86.ActiveCfg = Release|Any CPU
		{403B6581-D925-434F-AEFC-27B2548EAE70}.Release|win-x86.Build.0 = Release|Any CPU
		{DD662D59-4C67-47D3-8FF5-DD8F843F71F6}.Debug|linux-x64.ActiveCfg = Debug|Any CPU
		{DD662D59-4C67-47D3-8FF5-DD8F843F71F6}.Debug|linux-x64.Build.0 = Debug|Any CPU
		{DD662D59-4C67-47D3-8FF5-DD8F843F71F6}.Debug|osx-x64.ActiveCfg = Debug|Any CPU
		{DD662D59-4C67-47D3-8FF5-DD8F843F71F6}.Debug|osx-x64.Build.0 = Debug|Any CPU
		{DD662D59-4C67-47D3-8FF5-DD8F843F71F6}.Debug|win-x64.ActiveCfg = Debug|Any CPU
		{DD662D59-4C67-47D3-8FF5-DD8F843F71F6}.Debug|win-x64.Build.0 = Debug|Any CPU
		{DD662D59-4C67-47D3-8FF5-DD8F843F71F6}.Debug|win-x86.ActiveCfg = Debug|Any CPU
		{DD662D59-4C67-47D3-8FF5-DD8F843F71F6}.Debug|win-x86.Build.0 = Debug|Any CPU
		{DD662D59-4C67-47D3-8FF5-DD8F843F71F6}.Release|linux-x64.ActiveCfg = Release|Any CPU
		{DD662D59-4C67-47D3-8FF5-DD8F843F71F6}.Release|linux-x64.Build.0 = Release|Any CPU
		{DD662D59-4C67-47D3-8FF5-DD8F843F71F6}.Release|osx-x64.ActiveCfg = Release|Any CPU
		{DD662D59-4C67-47D3-8FF5-DD8F843F71F6}.Release|osx-x64.Build.0 = Release|Any CPU
		{DD662D59-4C67-47D3-8FF5-DD8F843F71F6}.Release|win-x64.ActiveCfg = Release|Any CPU
		{DD662D59-4C67-47D3-8FF5-DD8F843F71F6}.Release|win-x64.Build.0 = Release|Any CPU
		{DD662D59-4C67-47D3-8FF5-DD8F843F71F6}.Release|win-x86.ActiveCfg = Release|Any CPU
		{DD662D59-4C67-47D3-8FF5-DD8F843F71F6}.Release|win-x86.Build.0 = Release|Any CPU
		{1DDF6A61-8C26-4A30-81F6-93541432BBBE}.Debug|linux-x64.ActiveCfg = Debug|Any CPU
		{1DDF6A61-8C26-4A30-81F6-93541432BBBE}.Debug|linux-x64.Build.0 = Debug|Any CPU
		{1DDF6A61-8C26-4A30-81F6-93541432BBBE}.Debug|osx-x64.ActiveCfg = Debug|Any CPU
		{1DDF6A61-8C26-4A30-81F6-93541432BBBE}.Debug|osx-x64.Build.0 = Debug|Any CPU
		{1DDF6A61-8C26-4A30-81F6-93541432BBBE}.Debug|win-x64.ActiveCfg = Debug|Any CPU
		{1DDF6A61-8C26-4A30-81F6-93541432BBBE}.Debug|win-x64.Build.0 = Debug|Any CPU
		{1DDF6A61-8C26-4A30-81F6-93541432BBBE}.Debug|win-x86.ActiveCfg = Debug|Any CPU
		{1DDF6A61-8C26-4A30-81F6-93541432BBBE}.Debug|win-x86.Build.0 = Debug|Any CPU
		{1DDF6A61-8C26-4A30-81F6-93541432BBBE}.Release|linux-x64.ActiveCfg = Release|Any CPU
		{1DDF6A61-8C26-4A30-81F6-93541432BBBE}.Release|linux-x64.Build.0 = Release|Any CPU
		{1DDF6A61-8C26-4A30-81F6-93541432BBBE}.Release|osx-x64.ActiveCfg = Release|Any CPU
		{1DDF6A61-8C26-4A30-81F6-93541432BBBE}.Release|osx-x64.Build.0 = Release|Any CPU
		{1DDF6A61-8C26-4A30-81F6-93541432BBBE}.Release|win-x64.ActiveCfg = Release|Any CPU
		{1DDF6A61-8C26-4A30-81F6-93541432BBBE}.Release|win-x64.Build.0 = Release|Any CPU
		{1DDF6A61-8C26-4A30-81F6-93541432BBBE}.Release|win-x86.ActiveCfg = Release|Any CPU
		{1DDF6A61-8C26-4A30-81F6-93541432BBBE}.Release|win-x86.Build.0 = Release|Any CPU
		{1D4B5932-7545-439C-A2FD-0FCFC9777E01}.Debug|linux-x64.ActiveCfg = Debug|Any CPU
		{1D4B5932-7545-439C-A2FD-0FCFC9777E01}.Debug|linux-x64.Build.0 = Debug|Any CPU
		{1D4B5932-7545-439C-A2FD-0FCFC9777E01}.Debug|osx-x64.ActiveCfg = Debug|Any CPU
		{1D4B5932-7545-439C-A2FD-0FCFC9777E01}.Debug|osx-x64.Build.0 = Debug|Any CPU
		{1D4B5932-7545-439C-A2FD-0FCFC9777E01}.Debug|win-x64.ActiveCfg = Debug|Any CPU
		{1D4B5932-7545-439C-A2FD-0FCFC9777E01}.Debug|win-x64.Build.0 = Debug|Any CPU
		{1D4B5932-7545-439C-A2FD-0FCFC9777E01}.Debug|win-x86.ActiveCfg = Debug|Any CPU
		{1D4B5932-7545-439C-A2FD-0FCFC9777E01}.Debug|win-x86.Build.0 = Debug|Any CPU
		{1D4B5932-7545-439C-A2FD-0FCFC9777E01}.Release|linux-x64.ActiveCfg = Release|Any CPU
		{1D4B5932-7545-439C-A2FD-0FCFC9777E01}.Release|linux-x64.Build.0 = Release|Any CPU
		{1D4B5932-7545-439C-A2FD-0FCFC9777E01}.Release|osx-x64.ActiveCfg = Release|Any CPU
		{1D4B5932-7545-439C-A2FD-0FCFC9777E01}.Release|osx-x64.Build.0 = Release|Any CPU
		{1D4B5932-7545-439C-A2FD-0FCFC9777E01}.Release|win-x64.ActiveCfg = Release|Any CPU
		{1D4B5932-7545-439C-A2FD-0FCFC9777E01}.Release|win-x64.Build.0 = Release|Any CPU
		{1D4B5932-7545-439C-A2FD-0FCFC9777E01}.Release|win-x86.ActiveCfg = Release|Any CPU
		{1D4B5932-7545-439C-A2FD-0FCFC9777E01}.Release|win-x86.Build.0 = Release|Any CPU
		{DD346C7C-0246-42DF-8730-54BC16729514}.Debug|linux-x64.ActiveCfg = Debug|Any CPU
		{DD346C7C-0246-42DF-8730-54BC16729514}.Debug|linux-x64.Build.0 = Debug|Any CPU
		{DD346C7C-0246-42DF-8730-54BC16729514}.Debug|osx-x64.ActiveCfg = Debug|Any CPU
		{DD346C7C-0246-42DF-8730-54BC16729514}.Debug|osx-x64.Build.0 = Debug|Any CPU
		{DD346C7C-0246-42DF-8730-54BC16729514}.Debug|win-x64.ActiveCfg = Debug|Any CPU
		{DD346C7C-0246-42DF-8730-54BC16729514}.Debug|win-x64.Build.0 = Debug|Any CPU
		{DD346C7C-0246-42DF-8730-54BC16729514}.Debug|win-x86.ActiveCfg = Debug|Any CPU
		{DD346C7C-0246-42DF-8730-54BC16729514}.Debug|win-x86.Build.0 = Debug|Any CPU
		{DD346C7C-0246-42DF-8730-54BC16729514}.Release|linux-x64.ActiveCfg = Release|Any CPU
		{DD346C7C-0246-42DF-8730-54BC16729514}.Release|linux-x64.Build.0 = Release|Any CPU
		{DD346C7C-0246-42DF-8730-54BC16729514}.Release|osx-x64.ActiveCfg = Release|Any CPU
		{DD346C7C-0246-42DF-8730-54BC16729514}.Release|osx-x64.Build.0 = Release|Any CPU
		{DD346C7C-0246-42DF-8730-54BC16729514}.Release|win-x64.ActiveCfg = Release|Any CPU
		{DD346C7C-0246-42DF-8730-54BC16729514}.Release|win-x64.Build.0 = Release|Any CPU
		{DD346C7C-0246-42DF-8730-54BC16729514}.Release|win-x86.ActiveCfg = Release|Any CPU
		{DD346C7C-0246-42DF-8730-54BC16729514}.Release|win-x86.Build.0 = Release|Any CPU
		{BCFC1D26-BE81-44EF-B001-29A19C26022E}.Debug|linux-x64.ActiveCfg = Debug|Any CPU
		{BCFC1D26-BE81-44EF-B001-29A19C26022E}.Debug|linux-x64.Build.0 = Debug|Any CPU
		{BCFC1D26-BE81-44EF-B001-29A19C26022E}.Debug|osx-x64.ActiveCfg = Debug|Any CPU
		{BCFC1D26-BE81-44EF-B001-29A19C26022E}.Debug|osx-x64.Build.0 = Debug|Any CPU
		{BCFC1D26-BE81-44EF-B001-29A19C26022E}.Debug|win-x64.ActiveCfg = Debug|Any CPU
		{BCFC1D26-BE81-44EF-B001-29A19C26022E}.Debug|win-x64.Build.0 = Debug|Any CPU
		{BCFC1D26-BE81-44EF-B001-29A19C26022E}.Debug|win-x86.ActiveCfg = Debug|Any CPU
		{BCFC1D26-BE81-44EF-B001-29A19C26022E}.Debug|win-x86.Build.0 = Debug|Any CPU
		{BCFC1D26-BE81-44EF-B001-29A19C26022E}.Release|linux-x64.ActiveCfg = Release|Any CPU
		{BCFC1D26-BE81-44EF-B001-29A19C26022E}.Release|linux-x64.Build.0 = Release|Any CPU
		{BCFC1D26-BE81-44EF-B001-29A19C26022E}.Release|osx-x64.ActiveCfg = Release|Any CPU
		{BCFC1D26-BE81-44EF-B001-29A19C26022E}.Release|osx-x64.Build.0 = Release|Any CPU
		{BCFC1D26-BE81-44EF-B001-29A19C26022E}.Release|win-x64.ActiveCfg = Release|Any CPU
		{BCFC1D26-BE81-44EF-B001-29A19C26022E}.Release|win-x64.Build.0 = Release|Any CPU
		{BCFC1D26-BE81-44EF-B001-29A19C26022E}.Release|win-x86.ActiveCfg = Release|Any CPU
		{BCFC1D26-BE81-44EF-B001-29A19C26022E}.Release|win-x86.Build.0 = Release|Any CPU
		{5B818FC8-7A31-45BD-9E50-AE833BF9CE13}.Debug|linux-x64.ActiveCfg = Debug|Any CPU
		{5B818FC8-7A31-45BD-9E50-AE833BF9CE13}.Debug|linux-x64.Build.0 = Debug|Any CPU
		{5B818FC8-7A31-45BD-9E50-AE833BF9CE13}.Debug|osx-x64.ActiveCfg = Debug|Any CPU
		{5B818FC8-7A31-45BD-9E50-AE833BF9CE13}.Debug|osx-x64.Build.0 = Debug|Any CPU
		{5B818FC8-7A31-45BD-9E50-AE833BF9CE13}.Debug|win-x64.ActiveCfg = Debug|Any CPU
		{5B818FC8-7A31-45BD-9E50-AE833BF9CE13}.Debug|win-x64.Build.0 = Debug|Any CPU
		{5B818FC8-7A31-45BD-9E50-AE833BF9CE13}.Debug|win-x86.ActiveCfg = Debug|Any CPU
		{5B818FC8-7A31-45BD-9E50-AE833BF9CE13}.Debug|win-x86.Build.0 = Debug|Any CPU
		{5B818FC8-7A31-45BD-9E50-AE833BF9CE13}.Release|linux-x64.ActiveCfg = Release|Any CPU
		{5B818FC8-7A31-45BD-9E50-AE833BF9CE13}.Release|linux-x64.Build.0 = Release|Any CPU
		{5B818FC8-7A31-45BD-9E50-AE833BF9CE13}.Release|osx-x64.ActiveCfg = Release|Any CPU
		{5B818FC8-7A31-45BD-9E50-AE833BF9CE13}.Release|osx-x64.Build.0 = Release|Any CPU
		{5B818FC8-7A31-45BD-9E50-AE833BF9CE13}.Release|win-x64.ActiveCfg = Release|Any CPU
		{5B818FC8-7A31-45BD-9E50-AE833BF9CE13}.Release|win-x64.Build.0 = Release|Any CPU
		{5B818FC8-7A31-45BD-9E50-AE833BF9CE13}.Release|win-x86.ActiveCfg = Release|Any CPU
		{5B818FC8-7A31-45BD-9E50-AE833BF9CE13}.Release|win-x86.Build.0 = Release|Any CPU
		{08A05E0B-1AC5-4033-996F-1B407073331B}.Debug|linux-x64.ActiveCfg = Debug|Any CPU
		{08A05E0B-1AC5-4033-996F-1B407073331B}.Debug|linux-x64.Build.0 = Debug|Any CPU
		{08A05E0B-1AC5-4033-996F-1B407073331B}.Debug|osx-x64.ActiveCfg = Debug|Any CPU
		{08A05E0B-1AC5-4033-996F-1B407073331B}.Debug|osx-x64.Build.0 = Debug|Any CPU
		{08A05E0B-1AC5-4033-996F-1B407073331B}.Debug|win-x64.ActiveCfg = Debug|Any CPU
		{08A05E0B-1AC5-4033-996F-1B407073331B}.Debug|win-x64.Build.0 = Debug|Any CPU
		{08A05E0B-1AC5-4033-996F-1B407073331B}.Debug|win-x86.ActiveCfg = Debug|Any CPU
		{08A05E0B-1AC5-4033-996F-1B407073331B}.Debug|win-x86.Build.0 = Debug|Any CPU
		{08A05E0B-1AC5-4033-996F-1B407073331B}.Release|linux-x64.ActiveCfg = Release|Any CPU
		{08A05E0B-1AC5-4033-996F-1B407073331B}.Release|linux-x64.Build.0 = Release|Any CPU
		{08A05E0B-1AC5-4033-996F-1B407073331B}.Release|osx-x64.ActiveCfg = Release|Any CPU
		{08A05E0B-1AC5-4033-996F-1B407073331B}.Release|osx-x64.Build.0 = Release|Any CPU
		{08A05E0B-1AC5-4033-996F-1B407073331B}.Release|win-x64.ActiveCfg = Release|Any CPU
		{08A05E0B-1AC5-4033-996F-1B407073331B}.Release|win-x64.Build.0 = Release|Any CPU
		{08A05E0B-1AC5-4033-996F-1B407073331B}.Release|win-x86.ActiveCfg = Release|Any CPU
		{08A05E0B-1AC5-4033-996F-1B407073331B}.Release|win-x86.Build.0 = Release|Any CPU
		{8374F065-4603-4C34-BFBA-EA5A75E7C0EB}.Debug|linux-x64.ActiveCfg = Debug|Any CPU
		{8374F065-4603-4C34-BFBA-EA5A75E7C0EB}.Debug|linux-x64.Build.0 = Debug|Any CPU
		{8374F065-4603-4C34-BFBA-EA5A75E7C0EB}.Debug|osx-x64.ActiveCfg = Debug|Any CPU
		{8374F065-4603-4C34-BFBA-EA5A75E7C0EB}.Debug|osx-x64.Build.0 = Debug|Any CPU
		{8374F065-4603-4C34-BFBA-EA5A75E7C0EB}.Debug|win-x64.ActiveCfg = Debug|Any CPU
		{8374F065-4603-4C34-BFBA-EA5A75E7C0EB}.Debug|win-x64.Build.0 = Debug|Any CPU
		{8374F065-4603-4C34-BFBA-EA5A75E7C0EB}.Debug|win-x86.ActiveCfg = Debug|Any CPU
		{8374F065-4603-4C34-BFBA-EA5A75E7C0EB}.Debug|win-x86.Build.0 = Debug|Any CPU
		{8374F065-4603-4C34-BFBA-EA5A75E7C0EB}.Release|linux-x64.ActiveCfg = Release|Any CPU
		{8374F065-4603-4C34-BFBA-EA5A75E7C0EB}.Release|linux-x64.Build.0 = Release|Any CPU
		{8374F065-4603-4C34-BFBA-EA5A75E7C0EB}.Release|osx-x64.ActiveCfg = Release|Any CPU
		{8374F065-4603-4C34-BFBA-EA5A75E7C0EB}.Release|osx-x64.Build.0 = Release|Any CPU
		{8374F065-4603-4C34-BFBA-EA5A75E7C0EB}.Release|win-x64.ActiveCfg = Release|Any CPU
		{8374F065-4603-4C34-BFBA-EA5A75E7C0EB}.Release|win-x64.Build.0 = Release|Any CPU
		{8374F065-4603-4C34-BFBA-EA5A75E7C0EB}.Release|win-x86.ActiveCfg = Release|Any CPU
		{8374F065-4603-4C34-BFBA-EA5A75E7C0EB}.Release|win-x86.Build.0 = Release|Any CPU
		{38100101-2C1F-420D-94AF-9AA14B426F00}.Debug|linux-x64.ActiveCfg = Debug|Any CPU
		{38100101-2C1F-420D-94AF-9AA14B426F00}.Debug|linux-x64.Build.0 = Debug|Any CPU
		{38100101-2C1F-420D-94AF-9AA14B426F00}.Debug|osx-x64.ActiveCfg = Debug|Any CPU
		{38100101-2C1F-420D-94AF-9AA14B426F00}.Debug|osx-x64.Build.0 = Debug|Any CPU
		{38100101-2C1F-420D-94AF-9AA14B426F00}.Debug|win-x64.ActiveCfg = Debug|Any CPU
		{38100101-2C1F-420D-94AF-9AA14B426F00}.Debug|win-x64.Build.0 = Debug|Any CPU
		{38100101-2C1F-420D-94AF-9AA14B426F00}.Debug|win-x86.ActiveCfg = Debug|Any CPU
		{38100101-2C1F-420D-94AF-9AA14B426F00}.Debug|win-x86.Build.0 = Debug|Any CPU
		{38100101-2C1F-420D-94AF-9AA14B426F00}.Release|linux-x64.ActiveCfg = Release|Any CPU
		{38100101-2C1F-420D-94AF-9AA14B426F00}.Release|linux-x64.Build.0 = Release|Any CPU
		{38100101-2C1F-420D-94AF-9AA14B426F00}.Release|osx-x64.ActiveCfg = Release|Any CPU
		{38100101-2C1F-420D-94AF-9AA14B426F00}.Release|osx-x64.Build.0 = Release|Any CPU
		{38100101-2C1F-420D-94AF-9AA14B426F00}.Release|win-x64.ActiveCfg = Release|Any CPU
		{38100101-2C1F-420D-94AF-9AA14B426F00}.Release|win-x64.Build.0 = Release|Any CPU
		{38100101-2C1F-420D-94AF-9AA14B426F00}.Release|win-x86.ActiveCfg = Release|Any CPU
		{38100101-2C1F-420D-94AF-9AA14B426F00}.Release|win-x86.Build.0 = Release|Any CPU
		{7B738B38-E161-4E2C-9E26-C0574D394DBB}.Debug|linux-x64.ActiveCfg = Debug|Any CPU
		{7B738B38-E161-4E2C-9E26-C0574D394DBB}.Debug|linux-x64.Build.0 = Debug|Any CPU
		{7B738B38-E161-4E2C-9E26-C0574D394DBB}.Debug|osx-x64.ActiveCfg = Debug|Any CPU
		{7B738B38-E161-4E2C-9E26-C0574D394DBB}.Debug|osx-x64.Build.0 = Debug|Any CPU
		{7B738B38-E161-4E2C-9E26-C0574D394DBB}.Debug|win-x64.ActiveCfg = Debug|Any CPU
		{7B738B38-E161-4E2C-9E26-C0574D394DBB}.Debug|win-x64.Build.0 = Debug|Any CPU
		{7B738B38-E161-4E2C-9E26-C0574D394DBB}.Debug|win-x86.ActiveCfg = Debug|Any CPU
		{7B738B38-E161-4E2C-9E26-C0574D394DBB}.Debug|win-x86.Build.0 = Debug|Any CPU
		{7B738B38-E161-4E2C-9E26-C0574D394DBB}.Release|linux-x64.ActiveCfg = Release|Any CPU
		{7B738B38-E161-4E2C-9E26-C0574D394DBB}.Release|linux-x64.Build.0 = Release|Any CPU
		{7B738B38-E161-4E2C-9E26-C0574D394DBB}.Release|osx-x64.ActiveCfg = Release|Any CPU
		{7B738B38-E161-4E2C-9E26-C0574D394DBB}.Release|osx-x64.Build.0 = Release|Any CPU
		{7B738B38-E161-4E2C-9E26-C0574D394DBB}.Release|win-x64.ActiveCfg = Release|Any CPU
		{7B738B38-E161-4E2C-9E26-C0574D394DBB}.Release|win-x64.Build.0 = Release|Any CPU
		{7B738B38-E161-4E2C-9E26-C0574D394DBB}.Release|win-x86.ActiveCfg = Release|Any CPU
		{7B738B38-E161-4E2C-9E26-C0574D394DBB}.Release|win-x86.Build.0 = Release|Any CPU
		{B94079EB-C1DE-4C15-80D2-BD9D736C23DC}.Debug|linux-x64.ActiveCfg = Debug|Any CPU
		{B94079EB-C1DE-4C15-80D2-BD9D736C23DC}.Debug|linux-x64.Build.0 = Debug|Any CPU
		{B94079EB-C1DE-4C15-80D2-BD9D736C23DC}.Debug|osx-x64.ActiveCfg = Debug|Any CPU
		{B94079EB-C1DE-4C15-80D2-BD9D736C23DC}.Debug|osx-x64.Build.0 = Debug|Any CPU
		{B94079EB-C1DE-4C15-80D2-BD9D736C23DC}.Debug|win-x64.ActiveCfg = Debug|Any CPU
		{B94079EB-C1DE-4C15-80D2-BD9D736C23DC}.Debug|win-x64.Build.0 = Debug|Any CPU
		{B94079EB-C1DE-4C15-80D2-BD9D736C23DC}.Debug|win-x86.ActiveCfg = Debug|Any CPU
		{B94079EB-C1DE-4C15-80D2-BD9D736C23DC}.Debug|win-x86.Build.0 = Debug|Any CPU
		{B94079EB-C1DE-4C15-80D2-BD9D736C23DC}.Release|linux-x64.ActiveCfg = Release|Any CPU
		{B94079EB-C1DE-4C15-80D2-BD9D736C23DC}.Release|linux-x64.Build.0 = Release|Any CPU
		{B94079EB-C1DE-4C15-80D2-BD9D736C23DC}.Release|osx-x64.ActiveCfg = Release|Any CPU
		{B94079EB-C1DE-4C15-80D2-BD9D736C23DC}.Release|osx-x64.Build.0 = Release|Any CPU
		{B94079EB-C1DE-4C15-80D2-BD9D736C23DC}.Release|win-x64.ActiveCfg = Release|Any CPU
		{B94079EB-C1DE-4C15-80D2-BD9D736C23DC}.Release|win-x64.Build.0 = Release|Any CPU
		{B94079EB-C1DE-4C15-80D2-BD9D736C23DC}.Release|win-x86.ActiveCfg = Release|Any CPU
		{B94079EB-C1DE-4C15-80D2-BD9D736C23DC}.Release|win-x86.Build.0 = Release|Any CPU
		{EC5CBD08-F696-402D-9B73-EE6FBA1A5FE5}.Debug|linux-x64.ActiveCfg = Debug|Any CPU
		{EC5CBD08-F696-402D-9B73-EE6FBA1A5FE5}.Debug|linux-x64.Build.0 = Debug|Any CPU
		{EC5CBD08-F696-402D-9B73-EE6FBA1A5FE5}.Debug|osx-x64.ActiveCfg = Debug|Any CPU
		{EC5CBD08-F696-402D-9B73-EE6FBA1A5FE5}.Debug|osx-x64.Build.0 = Debug|Any CPU
		{EC5CBD08-F696-402D-9B73-EE6FBA1A5FE5}.Debug|win-x64.ActiveCfg = Debug|Any CPU
		{EC5CBD08-F696-402D-9B73-EE6FBA1A5FE5}.Debug|win-x64.Build.0 = Debug|Any CPU
		{EC5CBD08-F696-402D-9B73-EE6FBA1A5FE5}.Debug|win-x86.ActiveCfg = Debug|Any CPU
		{EC5CBD08-F696-402D-9B73-EE6FBA1A5FE5}.Debug|win-x86.Build.0 = Debug|Any CPU
		{EC5CBD08-F696-402D-9B73-EE6FBA1A5FE5}.Release|linux-x64.ActiveCfg = Release|Any CPU
		{EC5CBD08-F696-402D-9B73-EE6FBA1A5FE5}.Release|linux-x64.Build.0 = Release|Any CPU
		{EC5CBD08-F696-402D-9B73-EE6FBA1A5FE5}.Release|osx-x64.ActiveCfg = Release|Any CPU
		{EC5CBD08-F696-402D-9B73-EE6FBA1A5FE5}.Release|osx-x64.Build.0 = Release|Any CPU
		{EC5CBD08-F696-402D-9B73-EE6FBA1A5FE5}.Release|win-x64.ActiveCfg = Release|Any CPU
		{EC5CBD08-F696-402D-9B73-EE6FBA1A5FE5}.Release|win-x64.Build.0 = Release|Any CPU
		{EC5CBD08-F696-402D-9B73-EE6FBA1A5FE5}.Release|win-x86.ActiveCfg = Release|Any CPU
		{EC5CBD08-F696-402D-9B73-EE6FBA1A5FE5}.Release|win-x86.Build.0 = Release|Any CPU
		{365F3F02-B131-477C-9570-494FB9C28EF9}.Debug|linux-x64.ActiveCfg = Debug|Any CPU
		{365F3F02-B131-477C-9570-494FB9C28EF9}.Debug|linux-x64.Build.0 = Debug|Any CPU
		{365F3F02-B131-477C-9570-494FB9C28EF9}.Debug|osx-x64.ActiveCfg = Debug|Any CPU
		{365F3F02-B131-477C-9570-494FB9C28EF9}.Debug|osx-x64.Build.0 = Debug|Any CPU
		{365F3F02-B131-477C-9570-494FB9C28EF9}.Debug|win-x64.ActiveCfg = Debug|Any CPU
		{365F3F02-B131-477C-9570-494FB9C28EF9}.Debug|win-x64.Build.0 = Debug|Any CPU
		{365F3F02-B131-477C-9570-494FB9C28EF9}.Debug|win-x86.ActiveCfg = Debug|Any CPU
		{365F3F02-B131-477C-9570-494FB9C28EF9}.Debug|win-x86.Build.0 = Debug|Any CPU
		{365F3F02-B131-477C-9570-494FB9C28EF9}.Release|linux-x64.ActiveCfg = Release|Any CPU
		{365F3F02-B131-477C-9570-494FB9C28EF9}.Release|linux-x64.Build.0 = Release|Any CPU
		{365F3F02-B131-477C-9570-494FB9C28EF9}.Release|osx-x64.ActiveCfg = Release|Any CPU
		{365F3F02-B131-477C-9570-494FB9C28EF9}.Release|osx-x64.Build.0 = Release|Any CPU
		{365F3F02-B131-477C-9570-494FB9C28EF9}.Release|win-x64.ActiveCfg = Release|Any CPU
		{365F3F02-B131-477C-9570-494FB9C28EF9}.Release|win-x64.Build.0 = Release|Any CPU
		{365F3F02-B131-477C-9570-494FB9C28EF9}.Release|win-x86.ActiveCfg = Release|Any CPU
		{365F3F02-B131-477C-9570-494FB9C28EF9}.Release|win-x86.Build.0 = Release|Any CPU
		{B8D65CDD-AF9D-4112-BC0D-9C90229A7F10}.Debug|linux-x64.ActiveCfg = Debug|Any CPU
		{B8D65CDD-AF9D-4112-BC0D-9C90229A7F10}.Debug|linux-x64.Build.0 = Debug|Any CPU
		{B8D65CDD-AF9D-4112-BC0D-9C90229A7F10}.Debug|osx-x64.ActiveCfg = Debug|Any CPU
		{B8D65CDD-AF9D-4112-BC0D-9C90229A7F10}.Debug|osx-x64.Build.0 = Debug|Any CPU
		{B8D65CDD-AF9D-4112-BC0D-9C90229A7F10}.Debug|win-x64.ActiveCfg = Debug|Any CPU
		{B8D65CDD-AF9D-4112-BC0D-9C90229A7F10}.Debug|win-x64.Build.0 = Debug|Any CPU
		{B8D65CDD-AF9D-4112-BC0D-9C90229A7F10}.Debug|win-x86.ActiveCfg = Debug|Any CPU
		{B8D65CDD-AF9D-4112-BC0D-9C90229A7F10}.Debug|win-x86.Build.0 = Debug|Any CPU
		{B8D65CDD-AF9D-4112-BC0D-9C90229A7F10}.Release|linux-x64.ActiveCfg = Release|Any CPU
		{B8D65CDD-AF9D-4112-BC0D-9C90229A7F10}.Release|linux-x64.Build.0 = Release|Any CPU
		{B8D65CDD-AF9D-4112-BC0D-9C90229A7F10}.Release|osx-x64.ActiveCfg = Release|Any CPU
		{B8D65CDD-AF9D-4112-BC0D-9C90229A7F10}.Release|osx-x64.Build.0 = Release|Any CPU
		{B8D65CDD-AF9D-4112-BC0D-9C90229A7F10}.Release|win-x64.ActiveCfg = Release|Any CPU
		{B8D65CDD-AF9D-4112-BC0D-9C90229A7F10}.Release|win-x64.Build.0 = Release|Any CPU
		{B8D65CDD-AF9D-4112-BC0D-9C90229A7F10}.Release|win-x86.ActiveCfg = Release|Any CPU
		{B8D65CDD-AF9D-4112-BC0D-9C90229A7F10}.Release|win-x86.Build.0 = Release|Any CPU
		{06D6702D-B4BF-419B-96E5-45B28CA890B4}.Debug|linux-x64.ActiveCfg = Debug|Any CPU
		{06D6702D-B4BF-419B-96E5-45B28CA890B4}.Debug|linux-x64.Build.0 = Debug|Any CPU
		{06D6702D-B4BF-419B-96E5-45B28CA890B4}.Debug|osx-x64.ActiveCfg = Debug|Any CPU
		{06D6702D-B4BF-419B-96E5-45B28CA890B4}.Debug|osx-x64.Build.0 = Debug|Any CPU
		{06D6702D-B4BF-419B-96E5-45B28CA890B4}.Debug|win-x64.ActiveCfg = Debug|Any CPU
		{06D6702D-B4BF-419B-96E5-45B28CA890B4}.Debug|win-x64.Build.0 = Debug|Any CPU
		{06D6702D-B4BF-419B-96E5-45B28CA890B4}.Debug|win-x86.ActiveCfg = Debug|Any CPU
		{06D6702D-B4BF-419B-96E5-45B28CA890B4}.Debug|win-x86.Build.0 = Debug|Any CPU
		{06D6702D-B4BF-419B-96E5-45B28CA890B4}.Release|linux-x64.ActiveCfg = Release|Any CPU
		{06D6702D-B4BF-419B-96E5-45B28CA890B4}.Release|linux-x64.Build.0 = Release|Any CPU
		{06D6702D-B4BF-419B-96E5-45B28CA890B4}.Release|osx-x64.ActiveCfg = Release|Any CPU
		{06D6702D-B4BF-419B-96E5-45B28CA890B4}.Release|osx-x64.Build.0 = Release|Any CPU
		{06D6702D-B4BF-419B-96E5-45B28CA890B4}.Release|win-x64.ActiveCfg = Release|Any CPU
		{06D6702D-B4BF-419B-96E5-45B28CA890B4}.Release|win-x64.Build.0 = Release|Any CPU
		{06D6702D-B4BF-419B-96E5-45B28CA890B4}.Release|win-x86.ActiveCfg = Release|Any CPU
		{06D6702D-B4BF-419B-96E5-45B28CA890B4}.Release|win-x86.Build.0 = Release|Any CPU
		{3060F252-3D55-42E4-A1B6-9546844FA87A}.Debug|linux-x64.ActiveCfg = Debug|Any CPU
		{3060F252-3D55-42E4-A1B6-9546844FA87A}.Debug|linux-x64.Build.0 = Debug|Any CPU
		{3060F252-3D55-42E4-A1B6-9546844FA87A}.Debug|osx-x64.ActiveCfg = Debug|Any CPU
		{3060F252-3D55-42E4-A1B6-9546844FA87A}.Debug|osx-x64.Build.0 = Debug|Any CPU
		{3060F252-3D55-42E4-A1B6-9546844FA87A}.Debug|win-x64.ActiveCfg = Debug|Any CPU
		{3060F252-3D55-42E4-A1B6-9546844FA87A}.Debug|win-x64.Build.0 = Debug|Any CPU
		{3060F252-3D55-42E4-A1B6-9546844FA87A}.Debug|win-x86.ActiveCfg = Debug|Any CPU
		{3060F252-3D55-42E4-A1B6-9546844FA87A}.Debug|win-x86.Build.0 = Debug|Any CPU
		{3060F252-3D55-42E4-A1B6-9546844FA87A}.Release|linux-x64.ActiveCfg = Release|Any CPU
		{3060F252-3D55-42E4-A1B6-9546844FA87A}.Release|linux-x64.Build.0 = Release|Any CPU
		{3060F252-3D55-42E4-A1B6-9546844FA87A}.Release|osx-x64.ActiveCfg = Release|Any CPU
		{3060F252-3D55-42E4-A1B6-9546844FA87A}.Release|osx-x64.Build.0 = Release|Any CPU
		{3060F252-3D55-42E4-A1B6-9546844FA87A}.Release|win-x64.ActiveCfg = Release|Any CPU
		{3060F252-3D55-42E4-A1B6-9546844FA87A}.Release|win-x64.Build.0 = Release|Any CPU
		{3060F252-3D55-42E4-A1B6-9546844FA87A}.Release|win-x86.ActiveCfg = Release|Any CPU
		{3060F252-3D55-42E4-A1B6-9546844FA87A}.Release|win-x86.Build.0 = Release|Any CPU
		{38612747-3065-4342-A7BB-5F6D7BAF99E7}.Debug|linux-x64.ActiveCfg = Debug|Any CPU
		{38612747-3065-4342-A7BB-5F6D7BAF99E7}.Debug|linux-x64.Build.0 = Debug|Any CPU
		{38612747-3065-4342-A7BB-5F6D7BAF99E7}.Debug|osx-x64.ActiveCfg = Debug|Any CPU
		{38612747-3065-4342-A7BB-5F6D7BAF99E7}.Debug|osx-x64.Build.0 = Debug|Any CPU
		{38612747-3065-4342-A7BB-5F6D7BAF99E7}.Debug|win-x64.ActiveCfg = Debug|Any CPU
		{38612747-3065-4342-A7BB-5F6D7BAF99E7}.Debug|win-x64.Build.0 = Debug|Any CPU
		{38612747-3065-4342-A7BB-5F6D7BAF99E7}.Debug|win-x86.ActiveCfg = Debug|Any CPU
		{38612747-3065-4342-A7BB-5F6D7BAF99E7}.Debug|win-x86.Build.0 = Debug|Any CPU
		{38612747-3065-4342-A7BB-5F6D7BAF99E7}.Release|linux-x64.ActiveCfg = Release|Any CPU
		{38612747-3065-4342-A7BB-5F6D7BAF99E7}.Release|linux-x64.Build.0 = Release|Any CPU
		{38612747-3065-4342-A7BB-5F6D7BAF99E7}.Release|osx-x64.ActiveCfg = Release|Any CPU
		{38612747-3065-4342-A7BB-5F6D7BAF99E7}.Release|osx-x64.Build.0 = Release|Any CPU
		{38612747-3065-4342-A7BB-5F6D7BAF99E7}.Release|win-x64.ActiveCfg = Release|Any CPU
		{38612747-3065-4342-A7BB-5F6D7BAF99E7}.Release|win-x64.Build.0 = Release|Any CPU
		{38612747-3065-4342-A7BB-5F6D7BAF99E7}.Release|win-x86.ActiveCfg = Release|Any CPU
		{38612747-3065-4342-A7BB-5F6D7BAF99E7}.Release|win-x86.Build.0 = Release|Any CPU
		{C45A135D-08FC-45F6-A1F6-F2D198D28C0E}.Debug|linux-x64.ActiveCfg = Debug|Any CPU
		{C45A135D-08FC-45F6-A1F6-F2D198D28C0E}.Debug|linux-x64.Build.0 = Debug|Any CPU
		{C45A135D-08FC-45F6-A1F6-F2D198D28C0E}.Debug|osx-x64.ActiveCfg = Debug|Any CPU
		{C45A135D-08FC-45F6-A1F6-F2D198D28C0E}.Debug|osx-x64.Build.0 = Debug|Any CPU
		{C45A135D-08FC-45F6-A1F6-F2D198D28C0E}.Debug|win-x64.ActiveCfg = Debug|Any CPU
		{C45A135D-08FC-45F6-A1F6-F2D198D28C0E}.Debug|win-x64.Build.0 = Debug|Any CPU
		{C45A135D-08FC-45F6-A1F6-F2D198D28C0E}.Debug|win-x86.ActiveCfg = Debug|Any CPU
		{C45A135D-08FC-45F6-A1F6-F2D198D28C0E}.Debug|win-x86.Build.0 = Debug|Any CPU
		{C45A135D-08FC-45F6-A1F6-F2D198D28C0E}.Release|linux-x64.ActiveCfg = Release|Any CPU
		{C45A135D-08FC-45F6-A1F6-F2D198D28C0E}.Release|linux-x64.Build.0 = Release|Any CPU
		{C45A135D-08FC-45F6-A1F6-F2D198D28C0E}.Release|osx-x64.ActiveCfg = Release|Any CPU
		{C45A135D-08FC-45F6-A1F6-F2D198D28C0E}.Release|osx-x64.Build.0 = Release|Any CPU
		{C45A135D-08FC-45F6-A1F6-F2D198D28C0E}.Release|win-x64.ActiveCfg = Release|Any CPU
		{C45A135D-08FC-45F6-A1F6-F2D198D28C0E}.Release|win-x64.Build.0 = Release|Any CPU
		{C45A135D-08FC-45F6-A1F6-F2D198D28C0E}.Release|win-x86.ActiveCfg = Release|Any CPU
		{C45A135D-08FC-45F6-A1F6-F2D198D28C0E}.Release|win-x86.Build.0 = Release|Any CPU
		{70F4CD07-023E-4A4D-B0EC-A0BEABE5ECDA}.Debug|linux-x64.ActiveCfg = Debug|Any CPU
		{70F4CD07-023E-4A4D-B0EC-A0BEABE5ECDA}.Debug|linux-x64.Build.0 = Debug|Any CPU
		{70F4CD07-023E-4A4D-B0EC-A0BEABE5ECDA}.Debug|osx-x64.ActiveCfg = Debug|Any CPU
		{70F4CD07-023E-4A4D-B0EC-A0BEABE5ECDA}.Debug|osx-x64.Build.0 = Debug|Any CPU
		{70F4CD07-023E-4A4D-B0EC-A0BEABE5ECDA}.Debug|win-x64.ActiveCfg = Debug|Any CPU
		{70F4CD07-023E-4A4D-B0EC-A0BEABE5ECDA}.Debug|win-x64.Build.0 = Debug|Any CPU
		{70F4CD07-023E-4A4D-B0EC-A0BEABE5ECDA}.Debug|win-x86.ActiveCfg = Debug|Any CPU
		{70F4CD07-023E-4A4D-B0EC-A0BEABE5ECDA}.Debug|win-x86.Build.0 = Debug|Any CPU
		{70F4CD07-023E-4A4D-B0EC-A0BEABE5ECDA}.Release|linux-x64.ActiveCfg = Release|Any CPU
		{70F4CD07-023E-4A4D-B0EC-A0BEABE5ECDA}.Release|linux-x64.Build.0 = Release|Any CPU
		{70F4CD07-023E-4A4D-B0EC-A0BEABE5ECDA}.Release|osx-x64.ActiveCfg = Release|Any CPU
		{70F4CD07-023E-4A4D-B0EC-A0BEABE5ECDA}.Release|osx-x64.Build.0 = Release|Any CPU
		{70F4CD07-023E-4A4D-B0EC-A0BEABE5ECDA}.Release|win-x64.ActiveCfg = Release|Any CPU
		{70F4CD07-023E-4A4D-B0EC-A0BEABE5ECDA}.Release|win-x64.Build.0 = Release|Any CPU
		{70F4CD07-023E-4A4D-B0EC-A0BEABE5ECDA}.Release|win-x86.ActiveCfg = Release|Any CPU
		{70F4CD07-023E-4A4D-B0EC-A0BEABE5ECDA}.Release|win-x86.Build.0 = Release|Any CPU
		{E544A3FA-2D34-42A4-A4B8-B392C03D1243}.Debug|linux-x64.ActiveCfg = Debug|Any CPU
		{E544A3FA-2D34-42A4-A4B8-B392C03D1243}.Debug|linux-x64.Build.0 = Debug|Any CPU
		{E544A3FA-2D34-42A4-A4B8-B392C03D1243}.Debug|osx-x64.ActiveCfg = Debug|Any CPU
		{E544A3FA-2D34-42A4-A4B8-B392C03D1243}.Debug|osx-x64.Build.0 = Debug|Any CPU
		{E544A3FA-2D34-42A4-A4B8-B392C03D1243}.Debug|win-x64.ActiveCfg = Debug|Any CPU
		{E544A3FA-2D34-42A4-A4B8-B392C03D1243}.Debug|win-x64.Build.0 = Debug|Any CPU
		{E544A3FA-2D34-42A4-A4B8-B392C03D1243}.Debug|win-x86.ActiveCfg = Debug|Any CPU
		{E544A3FA-2D34-42A4-A4B8-B392C03D1243}.Debug|win-x86.Build.0 = Debug|Any CPU
		{E544A3FA-2D34-42A4-A4B8-B392C03D1243}.Release|linux-x64.ActiveCfg = Release|Any CPU
		{E544A3FA-2D34-42A4-A4B8-B392C03D1243}.Release|linux-x64.Build.0 = Release|Any CPU
		{E544A3FA-2D34-42A4-A4B8-B392C03D1243}.Release|osx-x64.ActiveCfg = Release|Any CPU
		{E544A3FA-2D34-42A4-A4B8-B392C03D1243}.Release|osx-x64.Build.0 = Release|Any CPU
		{E544A3FA-2D34-42A4-A4B8-B392C03D1243}.Release|win-x64.ActiveCfg = Release|Any CPU
		{E544A3FA-2D34-42A4-A4B8-B392C03D1243}.Release|win-x64.Build.0 = Release|Any CPU
		{E544A3FA-2D34-42A4-A4B8-B392C03D1243}.Release|win-x86.ActiveCfg = Release|Any CPU
		{E544A3FA-2D34-42A4-A4B8-B392C03D1243}.Release|win-x86.Build.0 = Release|Any CPU
		{470BB707-E7D6-4DC6-913F-EE02F9DE0288}.Debug|linux-x64.ActiveCfg = Debug|Any CPU
		{470BB707-E7D6-4DC6-913F-EE02F9DE0288}.Debug|linux-x64.Build.0 = Debug|Any CPU
		{470BB707-E7D6-4DC6-913F-EE02F9DE0288}.Debug|osx-x64.ActiveCfg = Debug|Any CPU
		{470BB707-E7D6-4DC6-913F-EE02F9DE0288}.Debug|osx-x64.Build.0 = Debug|Any CPU
		{470BB707-E7D6-4DC6-913F-EE02F9DE0288}.Debug|win-x64.ActiveCfg = Debug|Any CPU
		{470BB707-E7D6-4DC6-913F-EE02F9DE0288}.Debug|win-x64.Build.0 = Debug|Any CPU
		{470BB707-E7D6-4DC6-913F-EE02F9DE0288}.Debug|win-x86.ActiveCfg = Debug|Any CPU
		{470BB707-E7D6-4DC6-913F-EE02F9DE0288}.Debug|win-x86.Build.0 = Debug|Any CPU
		{470BB707-E7D6-4DC6-913F-EE02F9DE0288}.Release|linux-x64.ActiveCfg = Release|Any CPU
		{470BB707-E7D6-4DC6-913F-EE02F9DE0288}.Release|linux-x64.Build.0 = Release|Any CPU
		{470BB707-E7D6-4DC6-913F-EE02F9DE0288}.Release|osx-x64.ActiveCfg = Release|Any CPU
		{470BB707-E7D6-4DC6-913F-EE02F9DE0288}.Release|osx-x64.Build.0 = Release|Any CPU
		{470BB707-E7D6-4DC6-913F-EE02F9DE0288}.Release|win-x64.ActiveCfg = Release|Any CPU
		{470BB707-E7D6-4DC6-913F-EE02F9DE0288}.Release|win-x64.Build.0 = Release|Any CPU
		{470BB707-E7D6-4DC6-913F-EE02F9DE0288}.Release|win-x86.ActiveCfg = Release|Any CPU
		{470BB707-E7D6-4DC6-913F-EE02F9DE0288}.Release|win-x86.Build.0 = Release|Any CPU
		{558955F2-D1CE-4ADC-9E2F-AF76E6878107}.Debug|linux-x64.ActiveCfg = Debug|Any CPU
		{558955F2-D1CE-4ADC-9E2F-AF76E6878107}.Debug|linux-x64.Build.0 = Debug|Any CPU
		{558955F2-D1CE-4ADC-9E2F-AF76E6878107}.Debug|osx-x64.ActiveCfg = Debug|Any CPU
		{558955F2-D1CE-4ADC-9E2F-AF76E6878107}.Debug|osx-x64.Build.0 = Debug|Any CPU
		{558955F2-D1CE-4ADC-9E2F-AF76E6878107}.Debug|win-x64.ActiveCfg = Debug|Any CPU
		{558955F2-D1CE-4ADC-9E2F-AF76E6878107}.Debug|win-x64.Build.0 = Debug|Any CPU
		{558955F2-D1CE-4ADC-9E2F-AF76E6878107}.Debug|win-x86.ActiveCfg = Debug|Any CPU
		{558955F2-D1CE-4ADC-9E2F-AF76E6878107}.Debug|win-x86.Build.0 = Debug|Any CPU
		{558955F2-D1CE-4ADC-9E2F-AF76E6878107}.Release|linux-x64.ActiveCfg = Release|Any CPU
		{558955F2-D1CE-4ADC-9E2F-AF76E6878107}.Release|linux-x64.Build.0 = Release|Any CPU
		{558955F2-D1CE-4ADC-9E2F-AF76E6878107}.Release|osx-x64.ActiveCfg = Release|Any CPU
		{558955F2-D1CE-4ADC-9E2F-AF76E6878107}.Release|osx-x64.Build.0 = Release|Any CPU
		{558955F2-D1CE-4ADC-9E2F-AF76E6878107}.Release|win-x64.ActiveCfg = Release|Any CPU
		{558955F2-D1CE-4ADC-9E2F-AF76E6878107}.Release|win-x64.Build.0 = Release|Any CPU
		{558955F2-D1CE-4ADC-9E2F-AF76E6878107}.Release|win-x86.ActiveCfg = Release|Any CPU
		{558955F2-D1CE-4ADC-9E2F-AF76E6878107}.Release|win-x86.Build.0 = Release|Any CPU
		{E2A18F67-482B-4B64-8FC9-2C60509EF38B}.Debug|linux-x64.ActiveCfg = Debug|Any CPU
		{E2A18F67-482B-4B64-8FC9-2C60509EF38B}.Debug|linux-x64.Build.0 = Debug|Any CPU
		{E2A18F67-482B-4B64-8FC9-2C60509EF38B}.Debug|osx-x64.ActiveCfg = Debug|Any CPU
		{E2A18F67-482B-4B64-8FC9-2C60509EF38B}.Debug|osx-x64.Build.0 = Debug|Any CPU
		{E2A18F67-482B-4B64-8FC9-2C60509EF38B}.Debug|win-x64.ActiveCfg = Debug|Any CPU
		{E2A18F67-482B-4B64-8FC9-2C60509EF38B}.Debug|win-x64.Build.0 = Debug|Any CPU
		{E2A18F67-482B-4B64-8FC9-2C60509EF38B}.Debug|win-x86.ActiveCfg = Debug|Any CPU
		{E2A18F67-482B-4B64-8FC9-2C60509EF38B}.Debug|win-x86.Build.0 = Debug|Any CPU
		{E2A18F67-482B-4B64-8FC9-2C60509EF38B}.Release|linux-x64.ActiveCfg = Release|Any CPU
		{E2A18F67-482B-4B64-8FC9-2C60509EF38B}.Release|linux-x64.Build.0 = Release|Any CPU
		{E2A18F67-482B-4B64-8FC9-2C60509EF38B}.Release|osx-x64.ActiveCfg = Release|Any CPU
		{E2A18F67-482B-4B64-8FC9-2C60509EF38B}.Release|osx-x64.Build.0 = Release|Any CPU
		{E2A18F67-482B-4B64-8FC9-2C60509EF38B}.Release|win-x64.ActiveCfg = Release|Any CPU
		{E2A18F67-482B-4B64-8FC9-2C60509EF38B}.Release|win-x64.Build.0 = Release|Any CPU
		{E2A18F67-482B-4B64-8FC9-2C60509EF38B}.Release|win-x86.ActiveCfg = Release|Any CPU
		{E2A18F67-482B-4B64-8FC9-2C60509EF38B}.Release|win-x86.Build.0 = Release|Any CPU
		{6D3C49C0-99B4-456A-850F-D64CDE2D66DC}.Debug|linux-x64.ActiveCfg = Debug|linux-x64
		{6D3C49C0-99B4-456A-850F-D64CDE2D66DC}.Debug|linux-x64.Build.0 = Debug|linux-x64
		{6D3C49C0-99B4-456A-850F-D64CDE2D66DC}.Debug|osx-x64.ActiveCfg = Debug|osx-x64
		{6D3C49C0-99B4-456A-850F-D64CDE2D66DC}.Debug|osx-x64.Build.0 = Debug|osx-x64
		{6D3C49C0-99B4-456A-850F-D64CDE2D66DC}.Debug|win-x64.ActiveCfg = Debug|win-x64
		{6D3C49C0-99B4-456A-850F-D64CDE2D66DC}.Debug|win-x64.Build.0 = Debug|win-x64
		{6D3C49C0-99B4-456A-850F-D64CDE2D66DC}.Debug|win-x86.ActiveCfg = Debug|win-x86
		{6D3C49C0-99B4-456A-850F-D64CDE2D66DC}.Debug|win-x86.Build.0 = Debug|win-x86
		{6D3C49C0-99B4-456A-850F-D64CDE2D66DC}.Release|linux-x64.ActiveCfg = Release|linux-x64
		{6D3C49C0-99B4-456A-850F-D64CDE2D66DC}.Release|linux-x64.Build.0 = Release|linux-x64
		{6D3C49C0-99B4-456A-850F-D64CDE2D66DC}.Release|osx-x64.ActiveCfg = Release|osx-x64
		{6D3C49C0-99B4-456A-850F-D64CDE2D66DC}.Release|osx-x64.Build.0 = Release|osx-x64
		{6D3C49C0-99B4-456A-850F-D64CDE2D66DC}.Release|win-x64.ActiveCfg = Release|win-x64
		{6D3C49C0-99B4-456A-850F-D64CDE2D66DC}.Release|win-x64.Build.0 = Release|win-x64
		{6D3C49C0-99B4-456A-850F-D64CDE2D66DC}.Release|win-x86.ActiveCfg = Release|win-x86
		{6D3C49C0-99B4-456A-850F-D64CDE2D66DC}.Release|win-x86.Build.0 = Release|win-x86
	EndGlobalSection
	GlobalSection(SolutionProperties) = preSolution
		HideSolutionNode = FALSE
	EndGlobalSection
	GlobalSection(NestedProjects) = preSolution
		{17052599-51B1-491A-984F-FB1DE6ACB894} = {A7FFFC63-E8ED-46D3-86C0-FEE4449BD4D7}
		{360B9FB0-7EC3-4C88-81E9-C32009D283D6} = {70D9B094-74EE-4052-A545-45981DE7D83D}
		{AAF46610-48C2-47CD-BEC6-E983F6F77FBC} = {C3229682-9150-4E4A-BF29-9B1E92B6FFF1}
		{4FAFC7E1-1F22-4949-86E8-2ABB60576436} = {C3229682-9150-4E4A-BF29-9B1E92B6FFF1}
		{A4161713-5965-4CD1-97E5-0030B0B4CCB7} = {C3229682-9150-4E4A-BF29-9B1E92B6FFF1}
		{731A3498-79C4-4F0E-B657-01CFF0FBEE5D} = {C3229682-9150-4E4A-BF29-9B1E92B6FFF1}
		{64D5E049-0226-4568-9C55-CF7B26AF061F} = {C3229682-9150-4E4A-BF29-9B1E92B6FFF1}
		{126B962D-27E7-49BC-8B1F-A72C799666E2} = {C3229682-9150-4E4A-BF29-9B1E92B6FFF1}
		{C57CEC56-C590-4391-8635-9934597D4ABD} = {C3229682-9150-4E4A-BF29-9B1E92B6FFF1}
		{67BA5666-7379-4E10-8586-C85EBC11F2F3} = {C3229682-9150-4E4A-BF29-9B1E92B6FFF1}
		{46A5CC57-1937-4C55-9D69-DAF6F857DBC7} = {C3229682-9150-4E4A-BF29-9B1E92B6FFF1}
		{48195A4C-150B-4A94-B180-468430647B7C} = {C3229682-9150-4E4A-BF29-9B1E92B6FFF1}
		{EA07A303-5B24-4179-AC72-67AAE239969D} = {C3229682-9150-4E4A-BF29-9B1E92B6FFF1}
		{9EB4D24E-11CA-4268-8517-432FCFBA64BE} = {C3229682-9150-4E4A-BF29-9B1E92B6FFF1}
		{2AA88124-670A-4A46-8254-2FE8E3B51236} = {C3229682-9150-4E4A-BF29-9B1E92B6FFF1}
		{122C0172-D503-427D-96F3-322A6B92144E} = {C3229682-9150-4E4A-BF29-9B1E92B6FFF1}
		{FBB2FC22-5400-4C49-BA08-211A57CF9FE9} = {C3229682-9150-4E4A-BF29-9B1E92B6FFF1}
		{119BF1B0-BB08-4FC8-9017-BBD52DE74E62} = {C3229682-9150-4E4A-BF29-9B1E92B6FFF1}
		{9FA083E1-E497-4D3B-B136-1EAA8D3A04D5} = {C3229682-9150-4E4A-BF29-9B1E92B6FFF1}
		{4E2730E3-86A7-4FE9-9FFC-39399520138D} = {C3229682-9150-4E4A-BF29-9B1E92B6FFF1}
		{403B6581-D925-434F-AEFC-27B2548EAE70} = {C3229682-9150-4E4A-BF29-9B1E92B6FFF1}
		{DD662D59-4C67-47D3-8FF5-DD8F843F71F6} = {C3229682-9150-4E4A-BF29-9B1E92B6FFF1}
		{1DDF6A61-8C26-4A30-81F6-93541432BBBE} = {C3229682-9150-4E4A-BF29-9B1E92B6FFF1}
		{1D4B5932-7545-439C-A2FD-0FCFC9777E01} = {C3229682-9150-4E4A-BF29-9B1E92B6FFF1}
		{DD346C7C-0246-42DF-8730-54BC16729514} = {C3229682-9150-4E4A-BF29-9B1E92B6FFF1}
		{BCFC1D26-BE81-44EF-B001-29A19C26022E} = {C3229682-9150-4E4A-BF29-9B1E92B6FFF1}
		{5B818FC8-7A31-45BD-9E50-AE833BF9CE13} = {C3229682-9150-4E4A-BF29-9B1E92B6FFF1}
		{08A05E0B-1AC5-4033-996F-1B407073331B} = {C3229682-9150-4E4A-BF29-9B1E92B6FFF1}
		{8374F065-4603-4C34-BFBA-EA5A75E7C0EB} = {C3229682-9150-4E4A-BF29-9B1E92B6FFF1}
		{38100101-2C1F-420D-94AF-9AA14B426F00} = {C3229682-9150-4E4A-BF29-9B1E92B6FFF1}
		{7B738B38-E161-4E2C-9E26-C0574D394DBB} = {C3229682-9150-4E4A-BF29-9B1E92B6FFF1}
		{B94079EB-C1DE-4C15-80D2-BD9D736C23DC} = {C3229682-9150-4E4A-BF29-9B1E92B6FFF1}
		{EC5CBD08-F696-402D-9B73-EE6FBA1A5FE5} = {C3229682-9150-4E4A-BF29-9B1E92B6FFF1}
		{365F3F02-B131-477C-9570-494FB9C28EF9} = {C3229682-9150-4E4A-BF29-9B1E92B6FFF1}
		{B8D65CDD-AF9D-4112-BC0D-9C90229A7F10} = {C3229682-9150-4E4A-BF29-9B1E92B6FFF1}
		{06D6702D-B4BF-419B-96E5-45B28CA890B4} = {C3229682-9150-4E4A-BF29-9B1E92B6FFF1}
		{3060F252-3D55-42E4-A1B6-9546844FA87A} = {C3229682-9150-4E4A-BF29-9B1E92B6FFF1}
		{38612747-3065-4342-A7BB-5F6D7BAF99E7} = {C3229682-9150-4E4A-BF29-9B1E92B6FFF1}
		{C45A135D-08FC-45F6-A1F6-F2D198D28C0E} = {C3229682-9150-4E4A-BF29-9B1E92B6FFF1}
		{70F4CD07-023E-4A4D-B0EC-A0BEABE5ECDA} = {C3229682-9150-4E4A-BF29-9B1E92B6FFF1}
		{E544A3FA-2D34-42A4-A4B8-B392C03D1243} = {C3229682-9150-4E4A-BF29-9B1E92B6FFF1}
		{470BB707-E7D6-4DC6-913F-EE02F9DE0288} = {C3229682-9150-4E4A-BF29-9B1E92B6FFF1}
		{558955F2-D1CE-4ADC-9E2F-AF76E6878107} = {C3229682-9150-4E4A-BF29-9B1E92B6FFF1}
		{E2A18F67-482B-4B64-8FC9-2C60509EF38B} = {C3229682-9150-4E4A-BF29-9B1E92B6FFF1}
		{C3229682-9150-4E4A-BF29-9B1E92B6FFF1} = {D7AFA165-BB36-4DE9-80B3-69C00E862B81}
		{A7FFFC63-E8ED-46D3-86C0-FEE4449BD4D7} = {D7AFA165-BB36-4DE9-80B3-69C00E862B81}
		{70D9B094-74EE-4052-A545-45981DE7D83D} = {D7AFA165-BB36-4DE9-80B3-69C00E862B81}
		{3D6F469A-89E8-4CFD-ADC1-006E8ADBBD91} = {D7AFA165-BB36-4DE9-80B3-69C00E862B81}
		{468E4AD6-EF4C-4259-B0B2-97B2CBFFD015} = {D7AFA165-BB36-4DE9-80B3-69C00E862B81}
        {6D3C49C0-99B4-456A-850F-D64CDE2D66DC} = {468E4AD6-EF4C-4259-B0B2-97B2CBFFD015}
	EndGlobalSection
	GlobalSection(ExtensibilityGlobals) = postSolution
		SolutionGuid = {9407DD41-F7B5-4084-AEE3-129ABDDBC3DD}
	EndGlobalSection
EndGlobal
